// !$*UTF8*$!
{
	archiveVersion = 1;
	classes = {
	};
	objectVersion = 51;
	objects = {

/* Begin PBXBuildFile section */
		050647F6212E115433CE501B /* Pods_SuperCoolProject_SuperCoolProjectUITests.framework in Frameworks */ = {isa = PBXBuildFile; fileRef = E330ABDE8BE6FC6D2D592456 /* Pods_SuperCoolProject_SuperCoolProjectUITests.framework */; };
		56489B0F88A0EB9A660611A9 /* Pods_SuperCoolProject.framework in Frameworks */ = {isa = PBXBuildFile; fileRef = E2CA8ABC99768BC0CF7868D4 /* Pods_SuperCoolProject.framework */; };
		61F77D9E6F98A75A4D946D0A /* Pods_AgendaService.framework in Frameworks */ = {isa = PBXBuildFile; fileRef = 29A089396866928EA26B1B10 /* Pods_AgendaService.framework */; };
		9DB4F572D8FC57C1528BFCBA /* Pods_CalendarService_CalendarServiceTests.framework in Frameworks */ = {isa = PBXBuildFile; fileRef = 660D17D992409D5B7FECC471 /* Pods_CalendarService_CalendarServiceTests.framework */; };
		B82B5977E408D283FAE569AA /* Pods_WeatherService.framework in Frameworks */ = {isa = PBXBuildFile; fileRef = 1716C54F78FC595AA07476E7 /* Pods_WeatherService.framework */; };
		E182F76C24AD1ED7001E8A9F /* AppDelegate.swift in Sources */ = {isa = PBXBuildFile; fileRef = E182F76B24AD1ED7001E8A9F /* AppDelegate.swift */; };
		E182F76E24AD1ED7001E8A9F /* SceneDelegate.swift in Sources */ = {isa = PBXBuildFile; fileRef = E182F76D24AD1ED7001E8A9F /* SceneDelegate.swift */; };
		E182F77024AD1ED7001E8A9F /* ViewController.swift in Sources */ = {isa = PBXBuildFile; fileRef = E182F76F24AD1ED7001E8A9F /* ViewController.swift */; };
		E182F77324AD1ED7001E8A9F /* Main.storyboard in Resources */ = {isa = PBXBuildFile; fileRef = E182F77124AD1ED7001E8A9F /* Main.storyboard */; };
		E182F77524AD1ED8001E8A9F /* Assets.xcassets in Resources */ = {isa = PBXBuildFile; fileRef = E182F77424AD1ED8001E8A9F /* Assets.xcassets */; };
		E182F77824AD1ED8001E8A9F /* LaunchScreen.storyboard in Resources */ = {isa = PBXBuildFile; fileRef = E182F77624AD1ED8001E8A9F /* LaunchScreen.storyboard */; };
		E182F78324AD1ED8001E8A9F /* SuperCoolProjectTests.swift in Sources */ = {isa = PBXBuildFile; fileRef = E182F78224AD1ED8001E8A9F /* SuperCoolProjectTests.swift */; };
		E182F78E24AD1ED8001E8A9F /* SuperCoolProjectUITests.swift in Sources */ = {isa = PBXBuildFile; fileRef = E182F78D24AD1ED8001E8A9F /* SuperCoolProjectUITests.swift */; };
		E182F7AE24ADC9A1001E8A9F /* CalendarService.framework in Frameworks */ = {isa = PBXBuildFile; fileRef = E182F7A524ADC9A1001E8A9F /* CalendarService.framework */; };
		E182F7B524ADC9A1001E8A9F /* CalendarServiceTests.swift in Sources */ = {isa = PBXBuildFile; fileRef = E182F7B424ADC9A1001E8A9F /* CalendarServiceTests.swift */; };
		E182F7BA24ADC9A1001E8A9F /* CalendarService.framework in Frameworks */ = {isa = PBXBuildFile; fileRef = E182F7A524ADC9A1001E8A9F /* CalendarService.framework */; };
		E182F7BB24ADC9A1001E8A9F /* CalendarService.framework in Embed Frameworks */ = {isa = PBXBuildFile; fileRef = E182F7A524ADC9A1001E8A9F /* CalendarService.framework */; settings = {ATTRIBUTES = (CodeSignOnCopy, RemoveHeadersOnCopy, ); }; };
		E182F7C524ADC9E7001E8A9F /* CalendarService.swift in Sources */ = {isa = PBXBuildFile; fileRef = E182F7C424ADC9E7001E8A9F /* CalendarService.swift */; };
		E182F7F224ADCF51001E8A9F /* WeatherService.framework in Frameworks */ = {isa = PBXBuildFile; fileRef = E182F7E924ADCF50001E8A9F /* WeatherService.framework */; };
		E182F7F924ADCF51001E8A9F /* WeatherServiceTests.swift in Sources */ = {isa = PBXBuildFile; fileRef = E182F7F824ADCF51001E8A9F /* WeatherServiceTests.swift */; };
		E182F7FE24ADCF51001E8A9F /* WeatherService.framework in Frameworks */ = {isa = PBXBuildFile; fileRef = E182F7E924ADCF50001E8A9F /* WeatherService.framework */; };
		E182F7FF24ADCF51001E8A9F /* WeatherService.framework in Embed Frameworks */ = {isa = PBXBuildFile; fileRef = E182F7E924ADCF50001E8A9F /* WeatherService.framework */; settings = {ATTRIBUTES = (CodeSignOnCopy, RemoveHeadersOnCopy, ); }; };
		E182F80824ADCF8A001E8A9F /* WeatherService.swift in Sources */ = {isa = PBXBuildFile; fileRef = E182F80724ADCF8A001E8A9F /* WeatherService.swift */; };
		E182F81724ADD055001E8A9F /* AgendaService.framework in Frameworks */ = {isa = PBXBuildFile; fileRef = E182F80E24ADD055001E8A9F /* AgendaService.framework */; };
		E182F81E24ADD055001E8A9F /* AgendaServiceTests.swift in Sources */ = {isa = PBXBuildFile; fileRef = E182F81D24ADD055001E8A9F /* AgendaServiceTests.swift */; };
		E182F82324ADD055001E8A9F /* AgendaService.framework in Frameworks */ = {isa = PBXBuildFile; fileRef = E182F80E24ADD055001E8A9F /* AgendaService.framework */; };
		E182F82424ADD055001E8A9F /* AgendaService.framework in Embed Frameworks */ = {isa = PBXBuildFile; fileRef = E182F80E24ADD055001E8A9F /* AgendaService.framework */; settings = {ATTRIBUTES = (CodeSignOnCopy, RemoveHeadersOnCopy, ); }; };
		E182F82E24ADD115001E8A9F /* AgendaService.swift in Sources */ = {isa = PBXBuildFile; fileRef = E182F82C24ADD074001E8A9F /* AgendaService.swift */; };
		E182F83024ADD1D5001E8A9F /* WeatherServiceImpl.swift in Sources */ = {isa = PBXBuildFile; fileRef = E182F82F24ADD1D5001E8A9F /* WeatherServiceImpl.swift */; };
		E182F83224ADD21A001E8A9F /* WeatherService+DI.swift in Sources */ = {isa = PBXBuildFile; fileRef = E182F83124ADD21A001E8A9F /* WeatherService+DI.swift */; };
		E182F83424ADD275001E8A9F /* CalendarService+DI.swift in Sources */ = {isa = PBXBuildFile; fileRef = E182F83324ADD275001E8A9F /* CalendarService+DI.swift */; };
		E182F83624ADD298001E8A9F /* CalendarServiceImpl.swift in Sources */ = {isa = PBXBuildFile; fileRef = E182F83524ADD298001E8A9F /* CalendarServiceImpl.swift */; };
		E182F83824ADD2CB001E8A9F /* AgendaService+ID.swift in Sources */ = {isa = PBXBuildFile; fileRef = E182F83724ADD2CB001E8A9F /* AgendaService+ID.swift */; };
		E182F83A24ADD2E2001E8A9F /* AgendaServiceImpl.swift in Sources */ = {isa = PBXBuildFile; fileRef = E182F83924ADD2E2001E8A9F /* AgendaServiceImpl.swift */; };
		EFA288185BECF20548E5B364 /* Pods_CalendarService.framework in Frameworks */ = {isa = PBXBuildFile; fileRef = 9FB291182FAFABA7B059AB09 /* Pods_CalendarService.framework */; };
		F1E63890FD61EBF4A45A08D7 /* Pods_AgendaService_AgendaServiceTests.framework in Frameworks */ = {isa = PBXBuildFile; fileRef = F2CDB5D89EF60C536BEAB0D2 /* Pods_AgendaService_AgendaServiceTests.framework */; };
		F3D885D680DA9D66C2E9C1A6 /* Pods_SuperCoolProjectTests.framework in Frameworks */ = {isa = PBXBuildFile; fileRef = DA6D12B80B544F638AAB60A7 /* Pods_SuperCoolProjectTests.framework */; };
		FB6AC33304AB204ACAC13278 /* Pods_WeatherService_WeatherServiceTests.framework in Frameworks */ = {isa = PBXBuildFile; fileRef = BA9F773C45B187EE7A45723A /* Pods_WeatherService_WeatherServiceTests.framework */; };
/* End PBXBuildFile section */

/* Begin PBXContainerItemProxy section */
		E182F77F24AD1ED8001E8A9F /* PBXContainerItemProxy */ = {
			isa = PBXContainerItemProxy;
			containerPortal = E182F76024AD1ED7001E8A9F /* Project object */;
			proxyType = 1;
			remoteGlobalIDString = E182F76724AD1ED7001E8A9F;
			remoteInfo = SuperCoolProject;
		};
		E182F78A24AD1ED8001E8A9F /* PBXContainerItemProxy */ = {
			isa = PBXContainerItemProxy;
			containerPortal = E182F76024AD1ED7001E8A9F /* Project object */;
			proxyType = 1;
			remoteGlobalIDString = E182F76724AD1ED7001E8A9F;
			remoteInfo = SuperCoolProject;
		};
		E182F7AF24ADC9A1001E8A9F /* PBXContainerItemProxy */ = {
			isa = PBXContainerItemProxy;
			containerPortal = E182F76024AD1ED7001E8A9F /* Project object */;
			proxyType = 1;
			remoteGlobalIDString = E182F7A424ADC9A1001E8A9F;
			remoteInfo = CalendarService;
		};
		E182F7B824ADC9A1001E8A9F /* PBXContainerItemProxy */ = {
			isa = PBXContainerItemProxy;
			containerPortal = E182F76024AD1ED7001E8A9F /* Project object */;
			proxyType = 1;
			remoteGlobalIDString = E182F7A424ADC9A1001E8A9F;
			remoteInfo = CalendarService;
		};
		E182F7F324ADCF51001E8A9F /* PBXContainerItemProxy */ = {
			isa = PBXContainerItemProxy;
			containerPortal = E182F76024AD1ED7001E8A9F /* Project object */;
			proxyType = 1;
			remoteGlobalIDString = E182F7E824ADCF50001E8A9F;
			remoteInfo = WeatherService;
		};
		E182F7FC24ADCF51001E8A9F /* PBXContainerItemProxy */ = {
			isa = PBXContainerItemProxy;
			containerPortal = E182F76024AD1ED7001E8A9F /* Project object */;
			proxyType = 1;
			remoteGlobalIDString = E182F7E824ADCF50001E8A9F;
			remoteInfo = WeatherService;
		};
		E182F81824ADD055001E8A9F /* PBXContainerItemProxy */ = {
			isa = PBXContainerItemProxy;
			containerPortal = E182F76024AD1ED7001E8A9F /* Project object */;
			proxyType = 1;
			remoteGlobalIDString = E182F80D24ADD055001E8A9F;
			remoteInfo = AgendaService;
		};
		E182F82124ADD055001E8A9F /* PBXContainerItemProxy */ = {
			isa = PBXContainerItemProxy;
			containerPortal = E182F76024AD1ED7001E8A9F /* Project object */;
			proxyType = 1;
			remoteGlobalIDString = E182F80D24ADD055001E8A9F;
			remoteInfo = AgendaService;
		};
/* End PBXContainerItemProxy section */

/* Begin PBXCopyFilesBuildPhase section */
		E182F7BC24ADC9A1001E8A9F /* Embed Frameworks */ = {
			isa = PBXCopyFilesBuildPhase;
			buildActionMask = 2147483647;
			dstPath = "";
			dstSubfolderSpec = 10;
			files = (
				E182F7BB24ADC9A1001E8A9F /* CalendarService.framework in Embed Frameworks */,
				E182F82424ADD055001E8A9F /* AgendaService.framework in Embed Frameworks */,
				E182F7FF24ADCF51001E8A9F /* WeatherService.framework in Embed Frameworks */,
			);
			name = "Embed Frameworks";
			runOnlyForDeploymentPostprocessing = 0;
		};
/* End PBXCopyFilesBuildPhase section */

/* Begin PBXFileReference section */
		0169F035B6D5B15437A9310D /* Pods-SuperCoolProject-CalendarService.release.xcconfig */ = {isa = PBXFileReference; includeInIndex = 1; lastKnownFileType = text.xcconfig; name = "Pods-SuperCoolProject-CalendarService.release.xcconfig"; path = "Target Support Files/Pods-SuperCoolProject-CalendarService/Pods-SuperCoolProject-CalendarService.release.xcconfig"; sourceTree = "<group>"; };
		1337C87052D75112E90368A2 /* Pods-CalendarServiceTests.debug.xcconfig */ = {isa = PBXFileReference; includeInIndex = 1; lastKnownFileType = text.xcconfig; name = "Pods-CalendarServiceTests.debug.xcconfig"; path = "Target Support Files/Pods-CalendarServiceTests/Pods-CalendarServiceTests.debug.xcconfig"; sourceTree = "<group>"; };
		1716C54F78FC595AA07476E7 /* Pods_WeatherService.framework */ = {isa = PBXFileReference; explicitFileType = wrapper.framework; includeInIndex = 0; path = Pods_WeatherService.framework; sourceTree = BUILT_PRODUCTS_DIR; };
		207AB65FE24074B363D45A13 /* Pods-CalendarService.release.xcconfig */ = {isa = PBXFileReference; includeInIndex = 1; lastKnownFileType = text.xcconfig; name = "Pods-CalendarService.release.xcconfig"; path = "Target Support Files/Pods-CalendarService/Pods-CalendarService.release.xcconfig"; sourceTree = "<group>"; };
		2450E46BF17D35C80317F540 /* Pods-SuperCoolProjectTests.debug.xcconfig */ = {isa = PBXFileReference; includeInIndex = 1; lastKnownFileType = text.xcconfig; name = "Pods-SuperCoolProjectTests.debug.xcconfig"; path = "Target Support Files/Pods-SuperCoolProjectTests/Pods-SuperCoolProjectTests.debug.xcconfig"; sourceTree = "<group>"; };
		24D3C6439439A9083BC83AC8 /* Pods-CalendarService-CalendarServiceTests.debug.xcconfig */ = {isa = PBXFileReference; includeInIndex = 1; lastKnownFileType = text.xcconfig; name = "Pods-CalendarService-CalendarServiceTests.debug.xcconfig"; path = "Target Support Files/Pods-CalendarService-CalendarServiceTests/Pods-CalendarService-CalendarServiceTests.debug.xcconfig"; sourceTree = "<group>"; };
		29A089396866928EA26B1B10 /* Pods_AgendaService.framework */ = {isa = PBXFileReference; explicitFileType = wrapper.framework; includeInIndex = 0; path = Pods_AgendaService.framework; sourceTree = BUILT_PRODUCTS_DIR; };
		322A365306DDE1832D36A9F4 /* Pods-CalendarService.debug.xcconfig */ = {isa = PBXFileReference; includeInIndex = 1; lastKnownFileType = text.xcconfig; name = "Pods-CalendarService.debug.xcconfig"; path = "Target Support Files/Pods-CalendarService/Pods-CalendarService.debug.xcconfig"; sourceTree = "<group>"; };
		593313BD53B43238582F6DEF /* Pods-CalendarServiceTests.release.xcconfig */ = {isa = PBXFileReference; includeInIndex = 1; lastKnownFileType = text.xcconfig; name = "Pods-CalendarServiceTests.release.xcconfig"; path = "Target Support Files/Pods-CalendarServiceTests/Pods-CalendarServiceTests.release.xcconfig"; sourceTree = "<group>"; };
		660D17D992409D5B7FECC471 /* Pods_CalendarService_CalendarServiceTests.framework */ = {isa = PBXFileReference; explicitFileType = wrapper.framework; includeInIndex = 0; path = Pods_CalendarService_CalendarServiceTests.framework; sourceTree = BUILT_PRODUCTS_DIR; };
		6FC959685DDF216CB66FC702 /* Pods-SuperCoolProject-SuperCoolProjectUITests.debug.xcconfig */ = {isa = PBXFileReference; includeInIndex = 1; lastKnownFileType = text.xcconfig; name = "Pods-SuperCoolProject-SuperCoolProjectUITests.debug.xcconfig"; path = "Target Support Files/Pods-SuperCoolProject-SuperCoolProjectUITests/Pods-SuperCoolProject-SuperCoolProjectUITests.debug.xcconfig"; sourceTree = "<group>"; };
		7AAE2E731111736F825A9D88 /* Pods-WeatherService.release.xcconfig */ = {isa = PBXFileReference; includeInIndex = 1; lastKnownFileType = text.xcconfig; name = "Pods-WeatherService.release.xcconfig"; path = "Target Support Files/Pods-WeatherService/Pods-WeatherService.release.xcconfig"; sourceTree = "<group>"; };
		831001B5A8F24A3540381FF1 /* Pods-SuperCoolProject-SuperCoolProjectUITests.release.xcconfig */ = {isa = PBXFileReference; includeInIndex = 1; lastKnownFileType = text.xcconfig; name = "Pods-SuperCoolProject-SuperCoolProjectUITests.release.xcconfig"; path = "Target Support Files/Pods-SuperCoolProject-SuperCoolProjectUITests/Pods-SuperCoolProject-SuperCoolProjectUITests.release.xcconfig"; sourceTree = "<group>"; };
		84CC53A4E67284D53A041B7A /* Pods-AgendaService.release.xcconfig */ = {isa = PBXFileReference; includeInIndex = 1; lastKnownFileType = text.xcconfig; name = "Pods-AgendaService.release.xcconfig"; path = "Target Support Files/Pods-AgendaService/Pods-AgendaService.release.xcconfig"; sourceTree = "<group>"; };
		89F080F77B94FEAE75C3D85E /* Pods-AgendaService-AgendaServiceTests.debug.xcconfig */ = {isa = PBXFileReference; includeInIndex = 1; lastKnownFileType = text.xcconfig; name = "Pods-AgendaService-AgendaServiceTests.debug.xcconfig"; path = "Target Support Files/Pods-AgendaService-AgendaServiceTests/Pods-AgendaService-AgendaServiceTests.debug.xcconfig"; sourceTree = "<group>"; };
		9AF63CF254A341DCC6E7296D /* Pods-SuperCoolProjectTests.release.xcconfig */ = {isa = PBXFileReference; includeInIndex = 1; lastKnownFileType = text.xcconfig; name = "Pods-SuperCoolProjectTests.release.xcconfig"; path = "Target Support Files/Pods-SuperCoolProjectTests/Pods-SuperCoolProjectTests.release.xcconfig"; sourceTree = "<group>"; };
		9FB291182FAFABA7B059AB09 /* Pods_CalendarService.framework */ = {isa = PBXFileReference; explicitFileType = wrapper.framework; includeInIndex = 0; path = Pods_CalendarService.framework; sourceTree = BUILT_PRODUCTS_DIR; };
		A2C81BBC286D5DEE972123BA /* Pods-SuperCoolProject.debug.xcconfig */ = {isa = PBXFileReference; includeInIndex = 1; lastKnownFileType = text.xcconfig; name = "Pods-SuperCoolProject.debug.xcconfig"; path = "Target Support Files/Pods-SuperCoolProject/Pods-SuperCoolProject.debug.xcconfig"; sourceTree = "<group>"; };
		AD0D349A52BE34ACE0313708 /* Pods-SuperCoolProject-CalendarService-CalendarServiceTests.debug.xcconfig */ = {isa = PBXFileReference; includeInIndex = 1; lastKnownFileType = text.xcconfig; name = "Pods-SuperCoolProject-CalendarService-CalendarServiceTests.debug.xcconfig"; path = "Target Support Files/Pods-SuperCoolProject-CalendarService-CalendarServiceTests/Pods-SuperCoolProject-CalendarService-CalendarServiceTests.debug.xcconfig"; sourceTree = "<group>"; };
		AD7A5920DC8A18C5E316C49A /* Pods-AgendaService.debug.xcconfig */ = {isa = PBXFileReference; includeInIndex = 1; lastKnownFileType = text.xcconfig; name = "Pods-AgendaService.debug.xcconfig"; path = "Target Support Files/Pods-AgendaService/Pods-AgendaService.debug.xcconfig"; sourceTree = "<group>"; };
		B056A0BDD3DEB4E8984686BB /* Pods-SuperCoolProject-CalendarService.debug.xcconfig */ = {isa = PBXFileReference; includeInIndex = 1; lastKnownFileType = text.xcconfig; name = "Pods-SuperCoolProject-CalendarService.debug.xcconfig"; path = "Target Support Files/Pods-SuperCoolProject-CalendarService/Pods-SuperCoolProject-CalendarService.debug.xcconfig"; sourceTree = "<group>"; };
		B33715443A76827F34FE4172 /* Pods-WeatherService.debug.xcconfig */ = {isa = PBXFileReference; includeInIndex = 1; lastKnownFileType = text.xcconfig; name = "Pods-WeatherService.debug.xcconfig"; path = "Target Support Files/Pods-WeatherService/Pods-WeatherService.debug.xcconfig"; sourceTree = "<group>"; };
		BA9F773C45B187EE7A45723A /* Pods_WeatherService_WeatherServiceTests.framework */ = {isa = PBXFileReference; explicitFileType = wrapper.framework; includeInIndex = 0; path = Pods_WeatherService_WeatherServiceTests.framework; sourceTree = BUILT_PRODUCTS_DIR; };
		C37167E4867232CD1494BF19 /* Pods-CalendarService-CalendarServiceTests.release.xcconfig */ = {isa = PBXFileReference; includeInIndex = 1; lastKnownFileType = text.xcconfig; name = "Pods-CalendarService-CalendarServiceTests.release.xcconfig"; path = "Target Support Files/Pods-CalendarService-CalendarServiceTests/Pods-CalendarService-CalendarServiceTests.release.xcconfig"; sourceTree = "<group>"; };
		C64C2D8E90D7CC9F6D43878A /* Pods-WeatherService-WeatherServiceTests.release.xcconfig */ = {isa = PBXFileReference; includeInIndex = 1; lastKnownFileType = text.xcconfig; name = "Pods-WeatherService-WeatherServiceTests.release.xcconfig"; path = "Target Support Files/Pods-WeatherService-WeatherServiceTests/Pods-WeatherService-WeatherServiceTests.release.xcconfig"; sourceTree = "<group>"; };
		C8B6EF5D7E4CD311B0D38FA1 /* Pods-WeatherService-WeatherServiceTests.debug.xcconfig */ = {isa = PBXFileReference; includeInIndex = 1; lastKnownFileType = text.xcconfig; name = "Pods-WeatherService-WeatherServiceTests.debug.xcconfig"; path = "Target Support Files/Pods-WeatherService-WeatherServiceTests/Pods-WeatherService-WeatherServiceTests.debug.xcconfig"; sourceTree = "<group>"; };
		DA6D12B80B544F638AAB60A7 /* Pods_SuperCoolProjectTests.framework */ = {isa = PBXFileReference; explicitFileType = wrapper.framework; includeInIndex = 0; path = Pods_SuperCoolProjectTests.framework; sourceTree = BUILT_PRODUCTS_DIR; };
		E182F76824AD1ED7001E8A9F /* SuperCoolProject.app */ = {isa = PBXFileReference; explicitFileType = wrapper.application; includeInIndex = 0; path = SuperCoolProject.app; sourceTree = BUILT_PRODUCTS_DIR; };
		E182F76B24AD1ED7001E8A9F /* AppDelegate.swift */ = {isa = PBXFileReference; lastKnownFileType = sourcecode.swift; path = AppDelegate.swift; sourceTree = "<group>"; };
		E182F76D24AD1ED7001E8A9F /* SceneDelegate.swift */ = {isa = PBXFileReference; lastKnownFileType = sourcecode.swift; path = SceneDelegate.swift; sourceTree = "<group>"; };
		E182F76F24AD1ED7001E8A9F /* ViewController.swift */ = {isa = PBXFileReference; lastKnownFileType = sourcecode.swift; path = ViewController.swift; sourceTree = "<group>"; };
		E182F77224AD1ED7001E8A9F /* Base */ = {isa = PBXFileReference; lastKnownFileType = file.storyboard; name = Base; path = Base.lproj/Main.storyboard; sourceTree = "<group>"; };
		E182F77424AD1ED8001E8A9F /* Assets.xcassets */ = {isa = PBXFileReference; lastKnownFileType = folder.assetcatalog; path = Assets.xcassets; sourceTree = "<group>"; };
		E182F77724AD1ED8001E8A9F /* Base */ = {isa = PBXFileReference; lastKnownFileType = file.storyboard; name = Base; path = Base.lproj/LaunchScreen.storyboard; sourceTree = "<group>"; };
		E182F77924AD1ED8001E8A9F /* Info.plist */ = {isa = PBXFileReference; lastKnownFileType = text.plist.xml; path = Info.plist; sourceTree = "<group>"; };
		E182F77E24AD1ED8001E8A9F /* SuperCoolProjectTests.xctest */ = {isa = PBXFileReference; explicitFileType = wrapper.cfbundle; includeInIndex = 0; path = SuperCoolProjectTests.xctest; sourceTree = BUILT_PRODUCTS_DIR; };
		E182F78224AD1ED8001E8A9F /* SuperCoolProjectTests.swift */ = {isa = PBXFileReference; lastKnownFileType = sourcecode.swift; path = SuperCoolProjectTests.swift; sourceTree = "<group>"; };
		E182F78424AD1ED8001E8A9F /* Info.plist */ = {isa = PBXFileReference; lastKnownFileType = text.plist.xml; path = Info.plist; sourceTree = "<group>"; };
		E182F78924AD1ED8001E8A9F /* SuperCoolProjectUITests.xctest */ = {isa = PBXFileReference; explicitFileType = wrapper.cfbundle; includeInIndex = 0; path = SuperCoolProjectUITests.xctest; sourceTree = BUILT_PRODUCTS_DIR; };
		E182F78D24AD1ED8001E8A9F /* SuperCoolProjectUITests.swift */ = {isa = PBXFileReference; lastKnownFileType = sourcecode.swift; path = SuperCoolProjectUITests.swift; sourceTree = "<group>"; };
		E182F78F24AD1ED8001E8A9F /* Info.plist */ = {isa = PBXFileReference; lastKnownFileType = text.plist.xml; path = Info.plist; sourceTree = "<group>"; };
		E182F7A524ADC9A1001E8A9F /* CalendarService.framework */ = {isa = PBXFileReference; explicitFileType = wrapper.framework; includeInIndex = 0; path = CalendarService.framework; sourceTree = BUILT_PRODUCTS_DIR; };
		E182F7A824ADC9A1001E8A9F /* Info.plist */ = {isa = PBXFileReference; lastKnownFileType = text.plist.xml; path = Info.plist; sourceTree = "<group>"; };
		E182F7AD24ADC9A1001E8A9F /* CalendarServiceTests.xctest */ = {isa = PBXFileReference; explicitFileType = wrapper.cfbundle; includeInIndex = 0; path = CalendarServiceTests.xctest; sourceTree = BUILT_PRODUCTS_DIR; };
		E182F7B424ADC9A1001E8A9F /* CalendarServiceTests.swift */ = {isa = PBXFileReference; lastKnownFileType = sourcecode.swift; path = CalendarServiceTests.swift; sourceTree = "<group>"; };
		E182F7B624ADC9A1001E8A9F /* Info.plist */ = {isa = PBXFileReference; lastKnownFileType = text.plist.xml; path = Info.plist; sourceTree = "<group>"; };
		E182F7C424ADC9E7001E8A9F /* CalendarService.swift */ = {isa = PBXFileReference; lastKnownFileType = sourcecode.swift; path = CalendarService.swift; sourceTree = "<group>"; };
		E182F7E924ADCF50001E8A9F /* WeatherService.framework */ = {isa = PBXFileReference; explicitFileType = wrapper.framework; includeInIndex = 0; path = WeatherService.framework; sourceTree = BUILT_PRODUCTS_DIR; };
		E182F7EC24ADCF50001E8A9F /* Info.plist */ = {isa = PBXFileReference; lastKnownFileType = text.plist.xml; path = Info.plist; sourceTree = "<group>"; };
		E182F7F124ADCF50001E8A9F /* WeatherServiceTests.xctest */ = {isa = PBXFileReference; explicitFileType = wrapper.cfbundle; includeInIndex = 0; path = WeatherServiceTests.xctest; sourceTree = BUILT_PRODUCTS_DIR; };
		E182F7F824ADCF51001E8A9F /* WeatherServiceTests.swift */ = {isa = PBXFileReference; lastKnownFileType = sourcecode.swift; path = WeatherServiceTests.swift; sourceTree = "<group>"; };
		E182F7FA24ADCF51001E8A9F /* Info.plist */ = {isa = PBXFileReference; lastKnownFileType = text.plist.xml; path = Info.plist; sourceTree = "<group>"; };
		E182F80724ADCF8A001E8A9F /* WeatherService.swift */ = {isa = PBXFileReference; lastKnownFileType = sourcecode.swift; path = WeatherService.swift; sourceTree = "<group>"; };
		E182F80E24ADD055001E8A9F /* AgendaService.framework */ = {isa = PBXFileReference; explicitFileType = wrapper.framework; includeInIndex = 0; path = AgendaService.framework; sourceTree = BUILT_PRODUCTS_DIR; };
		E182F81124ADD055001E8A9F /* Info.plist */ = {isa = PBXFileReference; lastKnownFileType = text.plist.xml; path = Info.plist; sourceTree = "<group>"; };
		E182F81624ADD055001E8A9F /* AgendaServiceTests.xctest */ = {isa = PBXFileReference; explicitFileType = wrapper.cfbundle; includeInIndex = 0; path = AgendaServiceTests.xctest; sourceTree = BUILT_PRODUCTS_DIR; };
		E182F81D24ADD055001E8A9F /* AgendaServiceTests.swift */ = {isa = PBXFileReference; lastKnownFileType = sourcecode.swift; path = AgendaServiceTests.swift; sourceTree = "<group>"; };
		E182F81F24ADD055001E8A9F /* Info.plist */ = {isa = PBXFileReference; lastKnownFileType = text.plist.xml; path = Info.plist; sourceTree = "<group>"; };
		E182F82C24ADD074001E8A9F /* AgendaService.swift */ = {isa = PBXFileReference; lastKnownFileType = sourcecode.swift; path = AgendaService.swift; sourceTree = "<group>"; };
		E182F82F24ADD1D5001E8A9F /* WeatherServiceImpl.swift */ = {isa = PBXFileReference; lastKnownFileType = sourcecode.swift; name = WeatherServiceImpl.swift; path = SuperCoolProject/Services/WeatherService/WeatherServiceImpl.swift; sourceTree = SOURCE_ROOT; };
		E182F83124ADD21A001E8A9F /* WeatherService+DI.swift */ = {isa = PBXFileReference; lastKnownFileType = sourcecode.swift; path = "WeatherService+DI.swift"; sourceTree = "<group>"; };
		E182F83324ADD275001E8A9F /* CalendarService+DI.swift */ = {isa = PBXFileReference; lastKnownFileType = sourcecode.swift; path = "CalendarService+DI.swift"; sourceTree = "<group>"; };
		E182F83524ADD298001E8A9F /* CalendarServiceImpl.swift */ = {isa = PBXFileReference; lastKnownFileType = sourcecode.swift; path = CalendarServiceImpl.swift; sourceTree = "<group>"; };
		E182F83724ADD2CB001E8A9F /* AgendaService+ID.swift */ = {isa = PBXFileReference; lastKnownFileType = sourcecode.swift; path = "AgendaService+ID.swift"; sourceTree = "<group>"; };
		E182F83924ADD2E2001E8A9F /* AgendaServiceImpl.swift */ = {isa = PBXFileReference; lastKnownFileType = sourcecode.swift; path = AgendaServiceImpl.swift; sourceTree = "<group>"; };
		E2CA8ABC99768BC0CF7868D4 /* Pods_SuperCoolProject.framework */ = {isa = PBXFileReference; explicitFileType = wrapper.framework; includeInIndex = 0; path = Pods_SuperCoolProject.framework; sourceTree = BUILT_PRODUCTS_DIR; };
		E330ABDE8BE6FC6D2D592456 /* Pods_SuperCoolProject_SuperCoolProjectUITests.framework */ = {isa = PBXFileReference; explicitFileType = wrapper.framework; includeInIndex = 0; path = Pods_SuperCoolProject_SuperCoolProjectUITests.framework; sourceTree = BUILT_PRODUCTS_DIR; };
		E9A78A4553BF0B46B0FEE171 /* Pods-SuperCoolProject-CalendarService-CalendarServiceTests.release.xcconfig */ = {isa = PBXFileReference; includeInIndex = 1; lastKnownFileType = text.xcconfig; name = "Pods-SuperCoolProject-CalendarService-CalendarServiceTests.release.xcconfig"; path = "Target Support Files/Pods-SuperCoolProject-CalendarService-CalendarServiceTests/Pods-SuperCoolProject-CalendarService-CalendarServiceTests.release.xcconfig"; sourceTree = "<group>"; };
		EC7D95246FE64E56E609BFC9 /* Pods-AgendaService-AgendaServiceTests.release.xcconfig */ = {isa = PBXFileReference; includeInIndex = 1; lastKnownFileType = text.xcconfig; name = "Pods-AgendaService-AgendaServiceTests.release.xcconfig"; path = "Target Support Files/Pods-AgendaService-AgendaServiceTests/Pods-AgendaService-AgendaServiceTests.release.xcconfig"; sourceTree = "<group>"; };
		F1A88608A5BE985DF5A51BCD /* Pods-SuperCoolProject.release.xcconfig */ = {isa = PBXFileReference; includeInIndex = 1; lastKnownFileType = text.xcconfig; name = "Pods-SuperCoolProject.release.xcconfig"; path = "Target Support Files/Pods-SuperCoolProject/Pods-SuperCoolProject.release.xcconfig"; sourceTree = "<group>"; };
		F2CDB5D89EF60C536BEAB0D2 /* Pods_AgendaService_AgendaServiceTests.framework */ = {isa = PBXFileReference; explicitFileType = wrapper.framework; includeInIndex = 0; path = Pods_AgendaService_AgendaServiceTests.framework; sourceTree = BUILT_PRODUCTS_DIR; };
/* End PBXFileReference section */

/* Begin PBXFrameworksBuildPhase section */
		E182F76524AD1ED7001E8A9F /* Frameworks */ = {
			isa = PBXFrameworksBuildPhase;
			buildActionMask = 2147483647;
			files = (
				E182F82324ADD055001E8A9F /* AgendaService.framework in Frameworks */,
				E182F7BA24ADC9A1001E8A9F /* CalendarService.framework in Frameworks */,
				E182F7FE24ADCF51001E8A9F /* WeatherService.framework in Frameworks */,
				56489B0F88A0EB9A660611A9 /* Pods_SuperCoolProject.framework in Frameworks */,
			);
			runOnlyForDeploymentPostprocessing = 0;
		};
		E182F77B24AD1ED8001E8A9F /* Frameworks */ = {
			isa = PBXFrameworksBuildPhase;
			buildActionMask = 2147483647;
			files = (
				F3D885D680DA9D66C2E9C1A6 /* Pods_SuperCoolProjectTests.framework in Frameworks */,
			);
			runOnlyForDeploymentPostprocessing = 0;
		};
		E182F78624AD1ED8001E8A9F /* Frameworks */ = {
			isa = PBXFrameworksBuildPhase;
			buildActionMask = 2147483647;
			files = (
				050647F6212E115433CE501B /* Pods_SuperCoolProject_SuperCoolProjectUITests.framework in Frameworks */,
			);
			runOnlyForDeploymentPostprocessing = 0;
		};
		E182F7A224ADC9A1001E8A9F /* Frameworks */ = {
			isa = PBXFrameworksBuildPhase;
			buildActionMask = 2147483647;
			files = (
				EFA288185BECF20548E5B364 /* Pods_CalendarService.framework in Frameworks */,
			);
			runOnlyForDeploymentPostprocessing = 0;
		};
		E182F7AA24ADC9A1001E8A9F /* Frameworks */ = {
			isa = PBXFrameworksBuildPhase;
			buildActionMask = 2147483647;
			files = (
				E182F7AE24ADC9A1001E8A9F /* CalendarService.framework in Frameworks */,
				9DB4F572D8FC57C1528BFCBA /* Pods_CalendarService_CalendarServiceTests.framework in Frameworks */,
			);
			runOnlyForDeploymentPostprocessing = 0;
		};
		E182F7E624ADCF50001E8A9F /* Frameworks */ = {
			isa = PBXFrameworksBuildPhase;
			buildActionMask = 2147483647;
			files = (
				B82B5977E408D283FAE569AA /* Pods_WeatherService.framework in Frameworks */,
			);
			runOnlyForDeploymentPostprocessing = 0;
		};
		E182F7EE24ADCF50001E8A9F /* Frameworks */ = {
			isa = PBXFrameworksBuildPhase;
			buildActionMask = 2147483647;
			files = (
				E182F7F224ADCF51001E8A9F /* WeatherService.framework in Frameworks */,
				FB6AC33304AB204ACAC13278 /* Pods_WeatherService_WeatherServiceTests.framework in Frameworks */,
			);
			runOnlyForDeploymentPostprocessing = 0;
		};
		E182F80B24ADD055001E8A9F /* Frameworks */ = {
			isa = PBXFrameworksBuildPhase;
			buildActionMask = 2147483647;
			files = (
				61F77D9E6F98A75A4D946D0A /* Pods_AgendaService.framework in Frameworks */,
			);
			runOnlyForDeploymentPostprocessing = 0;
		};
		E182F81324ADD055001E8A9F /* Frameworks */ = {
			isa = PBXFrameworksBuildPhase;
			buildActionMask = 2147483647;
			files = (
				E182F81724ADD055001E8A9F /* AgendaService.framework in Frameworks */,
				F1E63890FD61EBF4A45A08D7 /* Pods_AgendaService_AgendaServiceTests.framework in Frameworks */,
			);
			runOnlyForDeploymentPostprocessing = 0;
		};
/* End PBXFrameworksBuildPhase section */

/* Begin PBXGroup section */
		1843714F00E853FC663BFAAC /* Pods */ = {
			isa = PBXGroup;
			children = (
				A2C81BBC286D5DEE972123BA /* Pods-SuperCoolProject.debug.xcconfig */,
				F1A88608A5BE985DF5A51BCD /* Pods-SuperCoolProject.release.xcconfig */,
				6FC959685DDF216CB66FC702 /* Pods-SuperCoolProject-SuperCoolProjectUITests.debug.xcconfig */,
				831001B5A8F24A3540381FF1 /* Pods-SuperCoolProject-SuperCoolProjectUITests.release.xcconfig */,
				2450E46BF17D35C80317F540 /* Pods-SuperCoolProjectTests.debug.xcconfig */,
				9AF63CF254A341DCC6E7296D /* Pods-SuperCoolProjectTests.release.xcconfig */,
				322A365306DDE1832D36A9F4 /* Pods-CalendarService.debug.xcconfig */,
				207AB65FE24074B363D45A13 /* Pods-CalendarService.release.xcconfig */,
				1337C87052D75112E90368A2 /* Pods-CalendarServiceTests.debug.xcconfig */,
				593313BD53B43238582F6DEF /* Pods-CalendarServiceTests.release.xcconfig */,
				24D3C6439439A9083BC83AC8 /* Pods-CalendarService-CalendarServiceTests.debug.xcconfig */,
				C37167E4867232CD1494BF19 /* Pods-CalendarService-CalendarServiceTests.release.xcconfig */,
				B056A0BDD3DEB4E8984686BB /* Pods-SuperCoolProject-CalendarService.debug.xcconfig */,
				0169F035B6D5B15437A9310D /* Pods-SuperCoolProject-CalendarService.release.xcconfig */,
				AD0D349A52BE34ACE0313708 /* Pods-SuperCoolProject-CalendarService-CalendarServiceTests.debug.xcconfig */,
				E9A78A4553BF0B46B0FEE171 /* Pods-SuperCoolProject-CalendarService-CalendarServiceTests.release.xcconfig */,
				B33715443A76827F34FE4172 /* Pods-WeatherService.debug.xcconfig */,
				7AAE2E731111736F825A9D88 /* Pods-WeatherService.release.xcconfig */,
				C8B6EF5D7E4CD311B0D38FA1 /* Pods-WeatherService-WeatherServiceTests.debug.xcconfig */,
				C64C2D8E90D7CC9F6D43878A /* Pods-WeatherService-WeatherServiceTests.release.xcconfig */,
				AD7A5920DC8A18C5E316C49A /* Pods-AgendaService.debug.xcconfig */,
				84CC53A4E67284D53A041B7A /* Pods-AgendaService.release.xcconfig */,
				89F080F77B94FEAE75C3D85E /* Pods-AgendaService-AgendaServiceTests.debug.xcconfig */,
				EC7D95246FE64E56E609BFC9 /* Pods-AgendaService-AgendaServiceTests.release.xcconfig */,
			);
			path = Pods;
			sourceTree = "<group>";
		};
		DE8A4D8BB440232F2D40A466 /* Frameworks */ = {
			isa = PBXGroup;
			children = (
				E2CA8ABC99768BC0CF7868D4 /* Pods_SuperCoolProject.framework */,
				E330ABDE8BE6FC6D2D592456 /* Pods_SuperCoolProject_SuperCoolProjectUITests.framework */,
				DA6D12B80B544F638AAB60A7 /* Pods_SuperCoolProjectTests.framework */,
				9FB291182FAFABA7B059AB09 /* Pods_CalendarService.framework */,
				660D17D992409D5B7FECC471 /* Pods_CalendarService_CalendarServiceTests.framework */,
				1716C54F78FC595AA07476E7 /* Pods_WeatherService.framework */,
				BA9F773C45B187EE7A45723A /* Pods_WeatherService_WeatherServiceTests.framework */,
				29A089396866928EA26B1B10 /* Pods_AgendaService.framework */,
				F2CDB5D89EF60C536BEAB0D2 /* Pods_AgendaService_AgendaServiceTests.framework */,
			);
			name = Frameworks;
			sourceTree = "<group>";
		};
		E182F75F24AD1ED7001E8A9F = {
			isa = PBXGroup;
			children = (
				E182F76A24AD1ED7001E8A9F /* SuperCoolProject */,
				E182F78124AD1ED8001E8A9F /* SuperCoolProjectTests */,
				E182F78C24AD1ED8001E8A9F /* SuperCoolProjectUITests */,
				E182F76924AD1ED7001E8A9F /* Products */,
				1843714F00E853FC663BFAAC /* Pods */,
				DE8A4D8BB440232F2D40A466 /* Frameworks */,
			);
			sourceTree = "<group>";
		};
		E182F76924AD1ED7001E8A9F /* Products */ = {
			isa = PBXGroup;
			children = (
				E182F76824AD1ED7001E8A9F /* SuperCoolProject.app */,
				E182F77E24AD1ED8001E8A9F /* SuperCoolProjectTests.xctest */,
				E182F78924AD1ED8001E8A9F /* SuperCoolProjectUITests.xctest */,
				E182F7A524ADC9A1001E8A9F /* CalendarService.framework */,
				E182F7AD24ADC9A1001E8A9F /* CalendarServiceTests.xctest */,
				E182F7E924ADCF50001E8A9F /* WeatherService.framework */,
				E182F7F124ADCF50001E8A9F /* WeatherServiceTests.xctest */,
				E182F80E24ADD055001E8A9F /* AgendaService.framework */,
				E182F81624ADD055001E8A9F /* AgendaServiceTests.xctest */,
			);
			name = Products;
			sourceTree = "<group>";
		};
		E182F76A24AD1ED7001E8A9F /* SuperCoolProject */ = {
			isa = PBXGroup;
			children = (
				E182F79D24ADC5BF001E8A9F /* Application */,
				E182F79C24ADC5AC001E8A9F /* Services */,
			);
			path = SuperCoolProject;
			sourceTree = "<group>";
		};
		E182F78124AD1ED8001E8A9F /* SuperCoolProjectTests */ = {
			isa = PBXGroup;
			children = (
				E182F78224AD1ED8001E8A9F /* SuperCoolProjectTests.swift */,
				E182F78424AD1ED8001E8A9F /* Info.plist */,
			);
			path = SuperCoolProjectTests;
			sourceTree = "<group>";
		};
		E182F78C24AD1ED8001E8A9F /* SuperCoolProjectUITests */ = {
			isa = PBXGroup;
			children = (
				E182F78D24AD1ED8001E8A9F /* SuperCoolProjectUITests.swift */,
				E182F78F24AD1ED8001E8A9F /* Info.plist */,
			);
			path = SuperCoolProjectUITests;
			sourceTree = "<group>";
		};
		E182F79C24ADC5AC001E8A9F /* Services */ = {
			isa = PBXGroup;
			children = (
				E182F80F24ADD055001E8A9F /* AgendaService */,
				E182F7A624ADC9A1001E8A9F /* CalendarService */,
				E182F7EA24ADCF50001E8A9F /* WeatherService */,
			);
			path = Services;
			sourceTree = "<group>";
		};
		E182F79D24ADC5BF001E8A9F /* Application */ = {
			isa = PBXGroup;
			children = (
				E182F77124AD1ED7001E8A9F /* Main.storyboard */,
				E182F76B24AD1ED7001E8A9F /* AppDelegate.swift */,
				E182F76D24AD1ED7001E8A9F /* SceneDelegate.swift */,
				E182F76F24AD1ED7001E8A9F /* ViewController.swift */,
				E182F79E24ADC5D2001E8A9F /* Resources */,
			);
			path = Application;
			sourceTree = "<group>";
		};
		E182F79E24ADC5D2001E8A9F /* Resources */ = {
			isa = PBXGroup;
			children = (
				E182F77424AD1ED8001E8A9F /* Assets.xcassets */,
				E182F77624AD1ED8001E8A9F /* LaunchScreen.storyboard */,
				E182F77924AD1ED8001E8A9F /* Info.plist */,
			);
			path = Resources;
			sourceTree = "<group>";
		};
		E182F7A624ADC9A1001E8A9F /* CalendarService */ = {
			isa = PBXGroup;
			children = (
				E182F7C424ADC9E7001E8A9F /* CalendarService.swift */,
				E182F83324ADD275001E8A9F /* CalendarService+DI.swift */,
				E182F7C324ADC9B8001E8A9F /* Impl */,
				E182F7A824ADC9A1001E8A9F /* Info.plist */,
			);
			path = CalendarService;
			sourceTree = "<group>";
		};
		E182F7B324ADC9A1001E8A9F /* Tests */ = {
			isa = PBXGroup;
			children = (
				E182F7B424ADC9A1001E8A9F /* CalendarServiceTests.swift */,
				E182F7B624ADC9A1001E8A9F /* Info.plist */,
			);
			path = Tests;
			sourceTree = "<group>";
		};
		E182F7C324ADC9B8001E8A9F /* Impl */ = {
			isa = PBXGroup;
			children = (
				E182F7B324ADC9A1001E8A9F /* Tests */,
				E182F83524ADD298001E8A9F /* CalendarServiceImpl.swift */,
			);
			path = Impl;
			sourceTree = "<group>";
		};
		E182F7EA24ADCF50001E8A9F /* WeatherService */ = {
			isa = PBXGroup;
			children = (
				E182F80724ADCF8A001E8A9F /* WeatherService.swift */,
				E182F83124ADD21A001E8A9F /* WeatherService+DI.swift */,
				E182F80624ADCF65001E8A9F /* Impl */,
				E182F7EC24ADCF50001E8A9F /* Info.plist */,
			);
			path = WeatherService;
			sourceTree = "<group>";
		};
		E182F7F724ADCF51001E8A9F /* Tests */ = {
			isa = PBXGroup;
			children = (
				E182F7F824ADCF51001E8A9F /* WeatherServiceTests.swift */,
				E182F7FA24ADCF51001E8A9F /* Info.plist */,
			);
			path = Tests;
			sourceTree = "<group>";
		};
		E182F80624ADCF65001E8A9F /* Impl */ = {
			isa = PBXGroup;
			children = (
				E182F82F24ADD1D5001E8A9F /* WeatherServiceImpl.swift */,
				E182F7F724ADCF51001E8A9F /* Tests */,
			);
			path = Impl;
			sourceTree = "<group>";
		};
		E182F80F24ADD055001E8A9F /* AgendaService */ = {
			isa = PBXGroup;
			children = (
				E182F82C24ADD074001E8A9F /* AgendaService.swift */,
				E182F83724ADD2CB001E8A9F /* AgendaService+ID.swift */,
				E182F82B24ADD05F001E8A9F /* Impl */,
				E182F81124ADD055001E8A9F /* Info.plist */,
			);
			path = AgendaService;
			sourceTree = "<group>";
		};
		E182F81C24ADD055001E8A9F /* Tests */ = {
			isa = PBXGroup;
			children = (
				E182F81D24ADD055001E8A9F /* AgendaServiceTests.swift */,
				E182F81F24ADD055001E8A9F /* Info.plist */,
			);
			path = Tests;
			sourceTree = "<group>";
		};
		E182F82B24ADD05F001E8A9F /* Impl */ = {
			isa = PBXGroup;
			children = (
				E182F81C24ADD055001E8A9F /* Tests */,
				E182F83924ADD2E2001E8A9F /* AgendaServiceImpl.swift */,
			);
			path = Impl;
			sourceTree = "<group>";
		};
/* End PBXGroup section */

/* Begin PBXHeadersBuildPhase section */
		E182F7A024ADC9A1001E8A9F /* Headers */ = {
			isa = PBXHeadersBuildPhase;
			buildActionMask = 2147483647;
			files = (
			);
			runOnlyForDeploymentPostprocessing = 0;
		};
		E182F7E424ADCF50001E8A9F /* Headers */ = {
			isa = PBXHeadersBuildPhase;
			buildActionMask = 2147483647;
			files = (
			);
			runOnlyForDeploymentPostprocessing = 0;
		};
		E182F80924ADD055001E8A9F /* Headers */ = {
			isa = PBXHeadersBuildPhase;
			buildActionMask = 2147483647;
			files = (
			);
			runOnlyForDeploymentPostprocessing = 0;
		};
/* End PBXHeadersBuildPhase section */

/* Begin PBXNativeTarget section */
		E182F76724AD1ED7001E8A9F /* SuperCoolProject */ = {
			isa = PBXNativeTarget;
			buildConfigurationList = E182F79224AD1ED8001E8A9F /* Build configuration list for PBXNativeTarget "SuperCoolProject" */;
			buildPhases = (
				E47B97F9F398DC1CF1EDA23C /* [CP] Check Pods Manifest.lock */,
				E182F76424AD1ED7001E8A9F /* Sources */,
				E182F76524AD1ED7001E8A9F /* Frameworks */,
				E182F76624AD1ED7001E8A9F /* Resources */,
				D7930B3EDCC3A38BCF5FC30F /* [CP] Embed Pods Frameworks */,
				E182F7BC24ADC9A1001E8A9F /* Embed Frameworks */,
			);
			buildRules = (
			);
			dependencies = (
				E182F7B924ADC9A1001E8A9F /* PBXTargetDependency */,
				E182F7FD24ADCF51001E8A9F /* PBXTargetDependency */,
				E182F82224ADD055001E8A9F /* PBXTargetDependency */,
			);
			name = SuperCoolProject;
			productName = SuperCoolProject;
			productReference = E182F76824AD1ED7001E8A9F /* SuperCoolProject.app */;
			productType = "com.apple.product-type.application";
		};
		E182F77D24AD1ED8001E8A9F /* SuperCoolProjectTests */ = {
			isa = PBXNativeTarget;
			buildConfigurationList = E182F79524AD1ED8001E8A9F /* Build configuration list for PBXNativeTarget "SuperCoolProjectTests" */;
			buildPhases = (
				7B12C26EE0FAA2886A1C9A43 /* [CP] Check Pods Manifest.lock */,
				E182F77A24AD1ED8001E8A9F /* Sources */,
				E182F77B24AD1ED8001E8A9F /* Frameworks */,
				E182F77C24AD1ED8001E8A9F /* Resources */,
			);
			buildRules = (
			);
			dependencies = (
				E182F78024AD1ED8001E8A9F /* PBXTargetDependency */,
			);
			name = SuperCoolProjectTests;
			productName = SuperCoolProjectTests;
			productReference = E182F77E24AD1ED8001E8A9F /* SuperCoolProjectTests.xctest */;
			productType = "com.apple.product-type.bundle.unit-test";
		};
		E182F78824AD1ED8001E8A9F /* SuperCoolProjectUITests */ = {
			isa = PBXNativeTarget;
			buildConfigurationList = E182F79824AD1ED8001E8A9F /* Build configuration list for PBXNativeTarget "SuperCoolProjectUITests" */;
			buildPhases = (
				30BE3199578962435A460B87 /* [CP] Check Pods Manifest.lock */,
				E182F78524AD1ED8001E8A9F /* Sources */,
				E182F78624AD1ED8001E8A9F /* Frameworks */,
				E182F78724AD1ED8001E8A9F /* Resources */,
				D534A85617A7CBAB309D8592 /* [CP] Embed Pods Frameworks */,
			);
			buildRules = (
			);
			dependencies = (
				E182F78B24AD1ED8001E8A9F /* PBXTargetDependency */,
			);
			name = SuperCoolProjectUITests;
			productName = SuperCoolProjectUITests;
			productReference = E182F78924AD1ED8001E8A9F /* SuperCoolProjectUITests.xctest */;
			productType = "com.apple.product-type.bundle.ui-testing";
		};
		E182F7A424ADC9A1001E8A9F /* CalendarService */ = {
			isa = PBXNativeTarget;
			buildConfigurationList = E182F7C124ADC9A1001E8A9F /* Build configuration list for PBXNativeTarget "CalendarService" */;
			buildPhases = (
				E23EA93FBA152E378FB3636C /* [CP] Check Pods Manifest.lock */,
				E182F7A024ADC9A1001E8A9F /* Headers */,
				E182F7A124ADC9A1001E8A9F /* Sources */,
				E182F7A224ADC9A1001E8A9F /* Frameworks */,
				E182F7A324ADC9A1001E8A9F /* Resources */,
			);
			buildRules = (
			);
			dependencies = (
			);
			name = CalendarService;
			productName = CalendarService;
			productReference = E182F7A524ADC9A1001E8A9F /* CalendarService.framework */;
			productType = "com.apple.product-type.framework";
		};
		E182F7AC24ADC9A1001E8A9F /* CalendarServiceTests */ = {
			isa = PBXNativeTarget;
			buildConfigurationList = E182F7C224ADC9A1001E8A9F /* Build configuration list for PBXNativeTarget "CalendarServiceTests" */;
			buildPhases = (
				C58298145A9E038927E4D636 /* [CP] Check Pods Manifest.lock */,
				E182F7A924ADC9A1001E8A9F /* Sources */,
				E182F7AA24ADC9A1001E8A9F /* Frameworks */,
				E182F7AB24ADC9A1001E8A9F /* Resources */,
				B57DE08499B5CA3C5283DEFF /* [CP] Embed Pods Frameworks */,
			);
			buildRules = (
			);
			dependencies = (
				E182F7B024ADC9A1001E8A9F /* PBXTargetDependency */,
			);
			name = CalendarServiceTests;
			productName = CalendarServiceTests;
			productReference = E182F7AD24ADC9A1001E8A9F /* CalendarServiceTests.xctest */;
			productType = "com.apple.product-type.bundle.unit-test";
		};
		E182F7E824ADCF50001E8A9F /* WeatherService */ = {
			isa = PBXNativeTarget;
			buildConfigurationList = E182F80424ADCF51001E8A9F /* Build configuration list for PBXNativeTarget "WeatherService" */;
			buildPhases = (
				4A3895F4C322EF384002E035 /* [CP] Check Pods Manifest.lock */,
				E182F7E424ADCF50001E8A9F /* Headers */,
				E182F7E524ADCF50001E8A9F /* Sources */,
				E182F7E624ADCF50001E8A9F /* Frameworks */,
				E182F7E724ADCF50001E8A9F /* Resources */,
			);
			buildRules = (
			);
			dependencies = (
			);
			name = WeatherService;
			productName = WeatherService;
			productReference = E182F7E924ADCF50001E8A9F /* WeatherService.framework */;
			productType = "com.apple.product-type.framework";
		};
		E182F7F024ADCF50001E8A9F /* WeatherServiceTests */ = {
			isa = PBXNativeTarget;
			buildConfigurationList = E182F80524ADCF51001E8A9F /* Build configuration list for PBXNativeTarget "WeatherServiceTests" */;
			buildPhases = (
				4345C727FBAEBFD59BBBE1F9 /* [CP] Check Pods Manifest.lock */,
				E182F7ED24ADCF50001E8A9F /* Sources */,
				E182F7EE24ADCF50001E8A9F /* Frameworks */,
				E182F7EF24ADCF50001E8A9F /* Resources */,
				49F0BD1F289365FC04AE440C /* [CP] Embed Pods Frameworks */,
			);
			buildRules = (
			);
			dependencies = (
				E182F7F424ADCF51001E8A9F /* PBXTargetDependency */,
			);
			name = WeatherServiceTests;
			productName = WeatherServiceTests;
			productReference = E182F7F124ADCF50001E8A9F /* WeatherServiceTests.xctest */;
			productType = "com.apple.product-type.bundle.unit-test";
		};
		E182F80D24ADD055001E8A9F /* AgendaService */ = {
			isa = PBXNativeTarget;
			buildConfigurationList = E182F82524ADD055001E8A9F /* Build configuration list for PBXNativeTarget "AgendaService" */;
			buildPhases = (
				72ABAE9C839D4D56F42A4D75 /* [CP] Check Pods Manifest.lock */,
				E182F80924ADD055001E8A9F /* Headers */,
				E182F80A24ADD055001E8A9F /* Sources */,
				E182F80B24ADD055001E8A9F /* Frameworks */,
				E182F80C24ADD055001E8A9F /* Resources */,
			);
			buildRules = (
			);
			dependencies = (
			);
			name = AgendaService;
			productName = AgendaService;
			productReference = E182F80E24ADD055001E8A9F /* AgendaService.framework */;
			productType = "com.apple.product-type.framework";
		};
		E182F81524ADD055001E8A9F /* AgendaServiceTests */ = {
			isa = PBXNativeTarget;
			buildConfigurationList = E182F82824ADD055001E8A9F /* Build configuration list for PBXNativeTarget "AgendaServiceTests" */;
			buildPhases = (
				E786F2A5B72C7E546AE73FB7 /* [CP] Check Pods Manifest.lock */,
				E182F81224ADD055001E8A9F /* Sources */,
				E182F81324ADD055001E8A9F /* Frameworks */,
				E182F81424ADD055001E8A9F /* Resources */,
				19AC142026765980801318B1 /* [CP] Embed Pods Frameworks */,
			);
			buildRules = (
			);
			dependencies = (
				E182F81924ADD055001E8A9F /* PBXTargetDependency */,
			);
			name = AgendaServiceTests;
			productName = AgendaServiceTests;
			productReference = E182F81624ADD055001E8A9F /* AgendaServiceTests.xctest */;
			productType = "com.apple.product-type.bundle.unit-test";
		};
/* End PBXNativeTarget section */

/* Begin PBXProject section */
		E182F76024AD1ED7001E8A9F /* Project object */ = {
			isa = PBXProject;
			attributes = {
				LastSwiftUpdateCheck = 1150;
				LastUpgradeCheck = 1150;
				ORGANIZATIONNAME = "Erick Sanchez";
				TargetAttributes = {
					E182F76724AD1ED7001E8A9F = {
						CreatedOnToolsVersion = 11.5;
					};
					E182F77D24AD1ED8001E8A9F = {
						CreatedOnToolsVersion = 11.5;
						TestTargetID = E182F76724AD1ED7001E8A9F;
					};
					E182F78824AD1ED8001E8A9F = {
						CreatedOnToolsVersion = 11.5;
						TestTargetID = E182F76724AD1ED7001E8A9F;
					};
					E182F7A424ADC9A1001E8A9F = {
						CreatedOnToolsVersion = 11.5;
						LastSwiftMigration = 1150;
					};
					E182F7AC24ADC9A1001E8A9F = {
						CreatedOnToolsVersion = 11.5;
					};
					E182F7E824ADCF50001E8A9F = {
						CreatedOnToolsVersion = 11.5;
						LastSwiftMigration = 1150;
					};
					E182F7F024ADCF50001E8A9F = {
						CreatedOnToolsVersion = 11.5;
					};
					E182F80D24ADD055001E8A9F = {
						CreatedOnToolsVersion = 11.5;
					};
					E182F81524ADD055001E8A9F = {
						CreatedOnToolsVersion = 11.5;
					};
				};
			};
			buildConfigurationList = E182F76324AD1ED7001E8A9F /* Build configuration list for PBXProject "SuperCoolProject" */;
			compatibilityVersion = "Xcode 9.3";
			developmentRegion = en;
			hasScannedForEncodings = 0;
			knownRegions = (
				en,
				Base,
			);
			mainGroup = E182F75F24AD1ED7001E8A9F;
			productRefGroup = E182F76924AD1ED7001E8A9F /* Products */;
			projectDirPath = "";
			projectRoot = "";
			targets = (
				E182F76724AD1ED7001E8A9F /* SuperCoolProject */,
				E182F77D24AD1ED8001E8A9F /* SuperCoolProjectTests */,
				E182F78824AD1ED8001E8A9F /* SuperCoolProjectUITests */,
				E182F7A424ADC9A1001E8A9F /* CalendarService */,
				E182F7AC24ADC9A1001E8A9F /* CalendarServiceTests */,
				E182F7E824ADCF50001E8A9F /* WeatherService */,
				E182F7F024ADCF50001E8A9F /* WeatherServiceTests */,
				E182F80D24ADD055001E8A9F /* AgendaService */,
				E182F81524ADD055001E8A9F /* AgendaServiceTests */,
			);
		};
/* End PBXProject section */

/* Begin PBXResourcesBuildPhase section */
		E182F76624AD1ED7001E8A9F /* Resources */ = {
			isa = PBXResourcesBuildPhase;
			buildActionMask = 2147483647;
			files = (
				E182F77824AD1ED8001E8A9F /* LaunchScreen.storyboard in Resources */,
				E182F77524AD1ED8001E8A9F /* Assets.xcassets in Resources */,
				E182F77324AD1ED7001E8A9F /* Main.storyboard in Resources */,
			);
			runOnlyForDeploymentPostprocessing = 0;
		};
		E182F77C24AD1ED8001E8A9F /* Resources */ = {
			isa = PBXResourcesBuildPhase;
			buildActionMask = 2147483647;
			files = (
			);
			runOnlyForDeploymentPostprocessing = 0;
		};
		E182F78724AD1ED8001E8A9F /* Resources */ = {
			isa = PBXResourcesBuildPhase;
			buildActionMask = 2147483647;
			files = (
			);
			runOnlyForDeploymentPostprocessing = 0;
		};
		E182F7A324ADC9A1001E8A9F /* Resources */ = {
			isa = PBXResourcesBuildPhase;
			buildActionMask = 2147483647;
			files = (
			);
			runOnlyForDeploymentPostprocessing = 0;
		};
		E182F7AB24ADC9A1001E8A9F /* Resources */ = {
			isa = PBXResourcesBuildPhase;
			buildActionMask = 2147483647;
			files = (
			);
			runOnlyForDeploymentPostprocessing = 0;
		};
		E182F7E724ADCF50001E8A9F /* Resources */ = {
			isa = PBXResourcesBuildPhase;
			buildActionMask = 2147483647;
			files = (
			);
			runOnlyForDeploymentPostprocessing = 0;
		};
		E182F7EF24ADCF50001E8A9F /* Resources */ = {
			isa = PBXResourcesBuildPhase;
			buildActionMask = 2147483647;
			files = (
			);
			runOnlyForDeploymentPostprocessing = 0;
		};
		E182F80C24ADD055001E8A9F /* Resources */ = {
			isa = PBXResourcesBuildPhase;
			buildActionMask = 2147483647;
			files = (
			);
			runOnlyForDeploymentPostprocessing = 0;
		};
		E182F81424ADD055001E8A9F /* Resources */ = {
			isa = PBXResourcesBuildPhase;
			buildActionMask = 2147483647;
			files = (
			);
			runOnlyForDeploymentPostprocessing = 0;
		};
/* End PBXResourcesBuildPhase section */

/* Begin PBXShellScriptBuildPhase section */
		19AC142026765980801318B1 /* [CP] Embed Pods Frameworks */ = {
			isa = PBXShellScriptBuildPhase;
			buildActionMask = 2147483647;
			files = (
			);
			inputFileListPaths = (
				"${PODS_ROOT}/Target Support Files/Pods-AgendaService-AgendaServiceTests/Pods-AgendaService-AgendaServiceTests-frameworks-${CONFIGURATION}-input-files.xcfilelist",
			);
			name = "[CP] Embed Pods Frameworks";
			outputFileListPaths = (
				"${PODS_ROOT}/Target Support Files/Pods-AgendaService-AgendaServiceTests/Pods-AgendaService-AgendaServiceTests-frameworks-${CONFIGURATION}-output-files.xcfilelist",
			);
			runOnlyForDeploymentPostprocessing = 0;
			shellPath = /bin/sh;
			shellScript = "\"${PODS_ROOT}/Target Support Files/Pods-AgendaService-AgendaServiceTests/Pods-AgendaService-AgendaServiceTests-frameworks.sh\"\n";
			showEnvVarsInLog = 0;
		};
		30BE3199578962435A460B87 /* [CP] Check Pods Manifest.lock */ = {
			isa = PBXShellScriptBuildPhase;
			buildActionMask = 2147483647;
			files = (
			);
			inputFileListPaths = (
			);
			inputPaths = (
				"${PODS_PODFILE_DIR_PATH}/Podfile.lock",
				"${PODS_ROOT}/Manifest.lock",
			);
			name = "[CP] Check Pods Manifest.lock";
			outputFileListPaths = (
			);
			outputPaths = (
				"$(DERIVED_FILE_DIR)/Pods-SuperCoolProject-SuperCoolProjectUITests-checkManifestLockResult.txt",
			);
			runOnlyForDeploymentPostprocessing = 0;
			shellPath = /bin/sh;
			shellScript = "diff \"${PODS_PODFILE_DIR_PATH}/Podfile.lock\" \"${PODS_ROOT}/Manifest.lock\" > /dev/null\nif [ $? != 0 ] ; then\n    # print error to STDERR\n    echo \"error: The sandbox is not in sync with the Podfile.lock. Run 'pod install' or update your CocoaPods installation.\" >&2\n    exit 1\nfi\n# This output is used by Xcode 'outputs' to avoid re-running this script phase.\necho \"SUCCESS\" > \"${SCRIPT_OUTPUT_FILE_0}\"\n";
			showEnvVarsInLog = 0;
		};
		4345C727FBAEBFD59BBBE1F9 /* [CP] Check Pods Manifest.lock */ = {
			isa = PBXShellScriptBuildPhase;
			buildActionMask = 2147483647;
			files = (
			);
			inputFileListPaths = (
			);
			inputPaths = (
				"${PODS_PODFILE_DIR_PATH}/Podfile.lock",
				"${PODS_ROOT}/Manifest.lock",
			);
			name = "[CP] Check Pods Manifest.lock";
			outputFileListPaths = (
			);
			outputPaths = (
				"$(DERIVED_FILE_DIR)/Pods-WeatherService-WeatherServiceTests-checkManifestLockResult.txt",
			);
			runOnlyForDeploymentPostprocessing = 0;
			shellPath = /bin/sh;
			shellScript = "diff \"${PODS_PODFILE_DIR_PATH}/Podfile.lock\" \"${PODS_ROOT}/Manifest.lock\" > /dev/null\nif [ $? != 0 ] ; then\n    # print error to STDERR\n    echo \"error: The sandbox is not in sync with the Podfile.lock. Run 'pod install' or update your CocoaPods installation.\" >&2\n    exit 1\nfi\n# This output is used by Xcode 'outputs' to avoid re-running this script phase.\necho \"SUCCESS\" > \"${SCRIPT_OUTPUT_FILE_0}\"\n";
			showEnvVarsInLog = 0;
		};
		49F0BD1F289365FC04AE440C /* [CP] Embed Pods Frameworks */ = {
			isa = PBXShellScriptBuildPhase;
			buildActionMask = 2147483647;
			files = (
			);
			inputFileListPaths = (
				"${PODS_ROOT}/Target Support Files/Pods-WeatherService-WeatherServiceTests/Pods-WeatherService-WeatherServiceTests-frameworks-${CONFIGURATION}-input-files.xcfilelist",
			);
			name = "[CP] Embed Pods Frameworks";
			outputFileListPaths = (
				"${PODS_ROOT}/Target Support Files/Pods-WeatherService-WeatherServiceTests/Pods-WeatherService-WeatherServiceTests-frameworks-${CONFIGURATION}-output-files.xcfilelist",
			);
			runOnlyForDeploymentPostprocessing = 0;
			shellPath = /bin/sh;
			shellScript = "\"${PODS_ROOT}/Target Support Files/Pods-WeatherService-WeatherServiceTests/Pods-WeatherService-WeatherServiceTests-frameworks.sh\"\n";
			showEnvVarsInLog = 0;
		};
		4A3895F4C322EF384002E035 /* [CP] Check Pods Manifest.lock */ = {
			isa = PBXShellScriptBuildPhase;
			buildActionMask = 2147483647;
			files = (
			);
			inputFileListPaths = (
			);
			inputPaths = (
				"${PODS_PODFILE_DIR_PATH}/Podfile.lock",
				"${PODS_ROOT}/Manifest.lock",
			);
			name = "[CP] Check Pods Manifest.lock";
			outputFileListPaths = (
			);
			outputPaths = (
				"$(DERIVED_FILE_DIR)/Pods-WeatherService-checkManifestLockResult.txt",
			);
			runOnlyForDeploymentPostprocessing = 0;
			shellPath = /bin/sh;
			shellScript = "diff \"${PODS_PODFILE_DIR_PATH}/Podfile.lock\" \"${PODS_ROOT}/Manifest.lock\" > /dev/null\nif [ $? != 0 ] ; then\n    # print error to STDERR\n    echo \"error: The sandbox is not in sync with the Podfile.lock. Run 'pod install' or update your CocoaPods installation.\" >&2\n    exit 1\nfi\n# This output is used by Xcode 'outputs' to avoid re-running this script phase.\necho \"SUCCESS\" > \"${SCRIPT_OUTPUT_FILE_0}\"\n";
			showEnvVarsInLog = 0;
		};
		72ABAE9C839D4D56F42A4D75 /* [CP] Check Pods Manifest.lock */ = {
			isa = PBXShellScriptBuildPhase;
			buildActionMask = 2147483647;
			files = (
			);
			inputFileListPaths = (
			);
			inputPaths = (
				"${PODS_PODFILE_DIR_PATH}/Podfile.lock",
				"${PODS_ROOT}/Manifest.lock",
			);
			name = "[CP] Check Pods Manifest.lock";
			outputFileListPaths = (
			);
			outputPaths = (
				"$(DERIVED_FILE_DIR)/Pods-AgendaService-checkManifestLockResult.txt",
			);
			runOnlyForDeploymentPostprocessing = 0;
			shellPath = /bin/sh;
			shellScript = "diff \"${PODS_PODFILE_DIR_PATH}/Podfile.lock\" \"${PODS_ROOT}/Manifest.lock\" > /dev/null\nif [ $? != 0 ] ; then\n    # print error to STDERR\n    echo \"error: The sandbox is not in sync with the Podfile.lock. Run 'pod install' or update your CocoaPods installation.\" >&2\n    exit 1\nfi\n# This output is used by Xcode 'outputs' to avoid re-running this script phase.\necho \"SUCCESS\" > \"${SCRIPT_OUTPUT_FILE_0}\"\n";
			showEnvVarsInLog = 0;
		};
		7B12C26EE0FAA2886A1C9A43 /* [CP] Check Pods Manifest.lock */ = {
			isa = PBXShellScriptBuildPhase;
			buildActionMask = 2147483647;
			files = (
			);
			inputFileListPaths = (
			);
			inputPaths = (
				"${PODS_PODFILE_DIR_PATH}/Podfile.lock",
				"${PODS_ROOT}/Manifest.lock",
			);
			name = "[CP] Check Pods Manifest.lock";
			outputFileListPaths = (
			);
			outputPaths = (
				"$(DERIVED_FILE_DIR)/Pods-SuperCoolProjectTests-checkManifestLockResult.txt",
			);
			runOnlyForDeploymentPostprocessing = 0;
			shellPath = /bin/sh;
			shellScript = "diff \"${PODS_PODFILE_DIR_PATH}/Podfile.lock\" \"${PODS_ROOT}/Manifest.lock\" > /dev/null\nif [ $? != 0 ] ; then\n    # print error to STDERR\n    echo \"error: The sandbox is not in sync with the Podfile.lock. Run 'pod install' or update your CocoaPods installation.\" >&2\n    exit 1\nfi\n# This output is used by Xcode 'outputs' to avoid re-running this script phase.\necho \"SUCCESS\" > \"${SCRIPT_OUTPUT_FILE_0}\"\n";
			showEnvVarsInLog = 0;
		};
		B57DE08499B5CA3C5283DEFF /* [CP] Embed Pods Frameworks */ = {
			isa = PBXShellScriptBuildPhase;
			buildActionMask = 2147483647;
			files = (
			);
			inputFileListPaths = (
				"${PODS_ROOT}/Target Support Files/Pods-CalendarService-CalendarServiceTests/Pods-CalendarService-CalendarServiceTests-frameworks-${CONFIGURATION}-input-files.xcfilelist",
			);
			name = "[CP] Embed Pods Frameworks";
			outputFileListPaths = (
				"${PODS_ROOT}/Target Support Files/Pods-CalendarService-CalendarServiceTests/Pods-CalendarService-CalendarServiceTests-frameworks-${CONFIGURATION}-output-files.xcfilelist",
			);
			runOnlyForDeploymentPostprocessing = 0;
			shellPath = /bin/sh;
			shellScript = "\"${PODS_ROOT}/Target Support Files/Pods-CalendarService-CalendarServiceTests/Pods-CalendarService-CalendarServiceTests-frameworks.sh\"\n";
			showEnvVarsInLog = 0;
		};
		C58298145A9E038927E4D636 /* [CP] Check Pods Manifest.lock */ = {
			isa = PBXShellScriptBuildPhase;
			buildActionMask = 2147483647;
			files = (
			);
			inputFileListPaths = (
			);
			inputPaths = (
				"${PODS_PODFILE_DIR_PATH}/Podfile.lock",
				"${PODS_ROOT}/Manifest.lock",
			);
			name = "[CP] Check Pods Manifest.lock";
			outputFileListPaths = (
			);
			outputPaths = (
				"$(DERIVED_FILE_DIR)/Pods-CalendarService-CalendarServiceTests-checkManifestLockResult.txt",
			);
			runOnlyForDeploymentPostprocessing = 0;
			shellPath = /bin/sh;
			shellScript = "diff \"${PODS_PODFILE_DIR_PATH}/Podfile.lock\" \"${PODS_ROOT}/Manifest.lock\" > /dev/null\nif [ $? != 0 ] ; then\n    # print error to STDERR\n    echo \"error: The sandbox is not in sync with the Podfile.lock. Run 'pod install' or update your CocoaPods installation.\" >&2\n    exit 1\nfi\n# This output is used by Xcode 'outputs' to avoid re-running this script phase.\necho \"SUCCESS\" > \"${SCRIPT_OUTPUT_FILE_0}\"\n";
			showEnvVarsInLog = 0;
		};
		D534A85617A7CBAB309D8592 /* [CP] Embed Pods Frameworks */ = {
			isa = PBXShellScriptBuildPhase;
			buildActionMask = 2147483647;
			files = (
			);
			inputFileListPaths = (
				"${PODS_ROOT}/Target Support Files/Pods-SuperCoolProject-SuperCoolProjectUITests/Pods-SuperCoolProject-SuperCoolProjectUITests-frameworks-${CONFIGURATION}-input-files.xcfilelist",
			);
			name = "[CP] Embed Pods Frameworks";
			outputFileListPaths = (
				"${PODS_ROOT}/Target Support Files/Pods-SuperCoolProject-SuperCoolProjectUITests/Pods-SuperCoolProject-SuperCoolProjectUITests-frameworks-${CONFIGURATION}-output-files.xcfilelist",
			);
			runOnlyForDeploymentPostprocessing = 0;
			shellPath = /bin/sh;
			shellScript = "\"${PODS_ROOT}/Target Support Files/Pods-SuperCoolProject-SuperCoolProjectUITests/Pods-SuperCoolProject-SuperCoolProjectUITests-frameworks.sh\"\n";
			showEnvVarsInLog = 0;
		};
		D7930B3EDCC3A38BCF5FC30F /* [CP] Embed Pods Frameworks */ = {
			isa = PBXShellScriptBuildPhase;
			buildActionMask = 2147483647;
			files = (
			);
			inputFileListPaths = (
				"${PODS_ROOT}/Target Support Files/Pods-SuperCoolProject/Pods-SuperCoolProject-frameworks-${CONFIGURATION}-input-files.xcfilelist",
			);
			name = "[CP] Embed Pods Frameworks";
			outputFileListPaths = (
				"${PODS_ROOT}/Target Support Files/Pods-SuperCoolProject/Pods-SuperCoolProject-frameworks-${CONFIGURATION}-output-files.xcfilelist",
			);
			runOnlyForDeploymentPostprocessing = 0;
			shellPath = /bin/sh;
			shellScript = "\"${PODS_ROOT}/Target Support Files/Pods-SuperCoolProject/Pods-SuperCoolProject-frameworks.sh\"\n";
			showEnvVarsInLog = 0;
		};
		E23EA93FBA152E378FB3636C /* [CP] Check Pods Manifest.lock */ = {
			isa = PBXShellScriptBuildPhase;
			buildActionMask = 2147483647;
			files = (
			);
			inputFileListPaths = (
			);
			inputPaths = (
				"${PODS_PODFILE_DIR_PATH}/Podfile.lock",
				"${PODS_ROOT}/Manifest.lock",
			);
			name = "[CP] Check Pods Manifest.lock";
			outputFileListPaths = (
			);
			outputPaths = (
				"$(DERIVED_FILE_DIR)/Pods-CalendarService-checkManifestLockResult.txt",
			);
			runOnlyForDeploymentPostprocessing = 0;
			shellPath = /bin/sh;
			shellScript = "diff \"${PODS_PODFILE_DIR_PATH}/Podfile.lock\" \"${PODS_ROOT}/Manifest.lock\" > /dev/null\nif [ $? != 0 ] ; then\n    # print error to STDERR\n    echo \"error: The sandbox is not in sync with the Podfile.lock. Run 'pod install' or update your CocoaPods installation.\" >&2\n    exit 1\nfi\n# This output is used by Xcode 'outputs' to avoid re-running this script phase.\necho \"SUCCESS\" > \"${SCRIPT_OUTPUT_FILE_0}\"\n";
			showEnvVarsInLog = 0;
		};
		E47B97F9F398DC1CF1EDA23C /* [CP] Check Pods Manifest.lock */ = {
			isa = PBXShellScriptBuildPhase;
			buildActionMask = 2147483647;
			files = (
			);
			inputFileListPaths = (
			);
			inputPaths = (
				"${PODS_PODFILE_DIR_PATH}/Podfile.lock",
				"${PODS_ROOT}/Manifest.lock",
			);
			name = "[CP] Check Pods Manifest.lock";
			outputFileListPaths = (
			);
			outputPaths = (
				"$(DERIVED_FILE_DIR)/Pods-SuperCoolProject-checkManifestLockResult.txt",
			);
			runOnlyForDeploymentPostprocessing = 0;
			shellPath = /bin/sh;
			shellScript = "diff \"${PODS_PODFILE_DIR_PATH}/Podfile.lock\" \"${PODS_ROOT}/Manifest.lock\" > /dev/null\nif [ $? != 0 ] ; then\n    # print error to STDERR\n    echo \"error: The sandbox is not in sync with the Podfile.lock. Run 'pod install' or update your CocoaPods installation.\" >&2\n    exit 1\nfi\n# This output is used by Xcode 'outputs' to avoid re-running this script phase.\necho \"SUCCESS\" > \"${SCRIPT_OUTPUT_FILE_0}\"\n";
			showEnvVarsInLog = 0;
		};
		E786F2A5B72C7E546AE73FB7 /* [CP] Check Pods Manifest.lock */ = {
			isa = PBXShellScriptBuildPhase;
			buildActionMask = 2147483647;
			files = (
			);
			inputFileListPaths = (
			);
			inputPaths = (
				"${PODS_PODFILE_DIR_PATH}/Podfile.lock",
				"${PODS_ROOT}/Manifest.lock",
			);
			name = "[CP] Check Pods Manifest.lock";
			outputFileListPaths = (
			);
			outputPaths = (
				"$(DERIVED_FILE_DIR)/Pods-AgendaService-AgendaServiceTests-checkManifestLockResult.txt",
			);
			runOnlyForDeploymentPostprocessing = 0;
			shellPath = /bin/sh;
			shellScript = "diff \"${PODS_PODFILE_DIR_PATH}/Podfile.lock\" \"${PODS_ROOT}/Manifest.lock\" > /dev/null\nif [ $? != 0 ] ; then\n    # print error to STDERR\n    echo \"error: The sandbox is not in sync with the Podfile.lock. Run 'pod install' or update your CocoaPods installation.\" >&2\n    exit 1\nfi\n# This output is used by Xcode 'outputs' to avoid re-running this script phase.\necho \"SUCCESS\" > \"${SCRIPT_OUTPUT_FILE_0}\"\n";
			showEnvVarsInLog = 0;
		};
/* End PBXShellScriptBuildPhase section */

/* Begin PBXSourcesBuildPhase section */
		E182F76424AD1ED7001E8A9F /* Sources */ = {
			isa = PBXSourcesBuildPhase;
			buildActionMask = 2147483647;
			files = (
				E182F77024AD1ED7001E8A9F /* ViewController.swift in Sources */,
				E182F76C24AD1ED7001E8A9F /* AppDelegate.swift in Sources */,
				E182F76E24AD1ED7001E8A9F /* SceneDelegate.swift in Sources */,
			);
			runOnlyForDeploymentPostprocessing = 0;
		};
		E182F77A24AD1ED8001E8A9F /* Sources */ = {
			isa = PBXSourcesBuildPhase;
			buildActionMask = 2147483647;
			files = (
				E182F78324AD1ED8001E8A9F /* SuperCoolProjectTests.swift in Sources */,
			);
			runOnlyForDeploymentPostprocessing = 0;
		};
		E182F78524AD1ED8001E8A9F /* Sources */ = {
			isa = PBXSourcesBuildPhase;
			buildActionMask = 2147483647;
			files = (
				E182F78E24AD1ED8001E8A9F /* SuperCoolProjectUITests.swift in Sources */,
			);
			runOnlyForDeploymentPostprocessing = 0;
		};
		E182F7A124ADC9A1001E8A9F /* Sources */ = {
			isa = PBXSourcesBuildPhase;
			buildActionMask = 2147483647;
			files = (
				E182F83424ADD275001E8A9F /* CalendarService+DI.swift in Sources */,
				E182F7C524ADC9E7001E8A9F /* CalendarService.swift in Sources */,
				E182F83624ADD298001E8A9F /* CalendarServiceImpl.swift in Sources */,
			);
			runOnlyForDeploymentPostprocessing = 0;
		};
		E182F7A924ADC9A1001E8A9F /* Sources */ = {
			isa = PBXSourcesBuildPhase;
			buildActionMask = 2147483647;
			files = (
				E182F7B524ADC9A1001E8A9F /* CalendarServiceTests.swift in Sources */,
			);
			runOnlyForDeploymentPostprocessing = 0;
		};
		E182F7E524ADCF50001E8A9F /* Sources */ = {
			isa = PBXSourcesBuildPhase;
			buildActionMask = 2147483647;
			files = (
				E182F83224ADD21A001E8A9F /* WeatherService+DI.swift in Sources */,
				E182F83024ADD1D5001E8A9F /* WeatherServiceImpl.swift in Sources */,
				E182F80824ADCF8A001E8A9F /* WeatherService.swift in Sources */,
			);
			runOnlyForDeploymentPostprocessing = 0;
		};
		E182F7ED24ADCF50001E8A9F /* Sources */ = {
			isa = PBXSourcesBuildPhase;
			buildActionMask = 2147483647;
			files = (
				E182F7F924ADCF51001E8A9F /* WeatherServiceTests.swift in Sources */,
			);
			runOnlyForDeploymentPostprocessing = 0;
		};
		E182F80A24ADD055001E8A9F /* Sources */ = {
			isa = PBXSourcesBuildPhase;
			buildActionMask = 2147483647;
			files = (
				E182F83A24ADD2E2001E8A9F /* AgendaServiceImpl.swift in Sources */,
				E182F83824ADD2CB001E8A9F /* AgendaService+ID.swift in Sources */,
				E182F82E24ADD115001E8A9F /* AgendaService.swift in Sources */,
			);
			runOnlyForDeploymentPostprocessing = 0;
		};
		E182F81224ADD055001E8A9F /* Sources */ = {
			isa = PBXSourcesBuildPhase;
			buildActionMask = 2147483647;
			files = (
				E182F81E24ADD055001E8A9F /* AgendaServiceTests.swift in Sources */,
			);
			runOnlyForDeploymentPostprocessing = 0;
		};
/* End PBXSourcesBuildPhase section */

/* Begin PBXTargetDependency section */
		E182F78024AD1ED8001E8A9F /* PBXTargetDependency */ = {
			isa = PBXTargetDependency;
			target = E182F76724AD1ED7001E8A9F /* SuperCoolProject */;
			targetProxy = E182F77F24AD1ED8001E8A9F /* PBXContainerItemProxy */;
		};
		E182F78B24AD1ED8001E8A9F /* PBXTargetDependency */ = {
			isa = PBXTargetDependency;
			target = E182F76724AD1ED7001E8A9F /* SuperCoolProject */;
			targetProxy = E182F78A24AD1ED8001E8A9F /* PBXContainerItemProxy */;
		};
		E182F7B024ADC9A1001E8A9F /* PBXTargetDependency */ = {
			isa = PBXTargetDependency;
			target = E182F7A424ADC9A1001E8A9F /* CalendarService */;
			targetProxy = E182F7AF24ADC9A1001E8A9F /* PBXContainerItemProxy */;
		};
		E182F7B924ADC9A1001E8A9F /* PBXTargetDependency */ = {
			isa = PBXTargetDependency;
			target = E182F7A424ADC9A1001E8A9F /* CalendarService */;
			targetProxy = E182F7B824ADC9A1001E8A9F /* PBXContainerItemProxy */;
		};
		E182F7F424ADCF51001E8A9F /* PBXTargetDependency */ = {
			isa = PBXTargetDependency;
			target = E182F7E824ADCF50001E8A9F /* WeatherService */;
			targetProxy = E182F7F324ADCF51001E8A9F /* PBXContainerItemProxy */;
		};
		E182F7FD24ADCF51001E8A9F /* PBXTargetDependency */ = {
			isa = PBXTargetDependency;
			target = E182F7E824ADCF50001E8A9F /* WeatherService */;
			targetProxy = E182F7FC24ADCF51001E8A9F /* PBXContainerItemProxy */;
		};
		E182F81924ADD055001E8A9F /* PBXTargetDependency */ = {
			isa = PBXTargetDependency;
			target = E182F80D24ADD055001E8A9F /* AgendaService */;
			targetProxy = E182F81824ADD055001E8A9F /* PBXContainerItemProxy */;
		};
		E182F82224ADD055001E8A9F /* PBXTargetDependency */ = {
			isa = PBXTargetDependency;
			target = E182F80D24ADD055001E8A9F /* AgendaService */;
			targetProxy = E182F82124ADD055001E8A9F /* PBXContainerItemProxy */;
		};
/* End PBXTargetDependency section */

/* Begin PBXVariantGroup section */
		E182F77124AD1ED7001E8A9F /* Main.storyboard */ = {
			isa = PBXVariantGroup;
			children = (
				E182F77224AD1ED7001E8A9F /* Base */,
			);
			name = Main.storyboard;
			sourceTree = "<group>";
		};
		E182F77624AD1ED8001E8A9F /* LaunchScreen.storyboard */ = {
			isa = PBXVariantGroup;
			children = (
				E182F77724AD1ED8001E8A9F /* Base */,
			);
			name = LaunchScreen.storyboard;
			sourceTree = "<group>";
		};
/* End PBXVariantGroup section */

/* Begin XCBuildConfiguration section */
		E182F79024AD1ED8001E8A9F /* Debug */ = {
			isa = XCBuildConfiguration;
			buildSettings = {
				ALWAYS_SEARCH_USER_PATHS = NO;
				CLANG_ANALYZER_NONNULL = YES;
				CLANG_ANALYZER_NUMBER_OBJECT_CONVERSION = YES_AGGRESSIVE;
				CLANG_CXX_LANGUAGE_STANDARD = "gnu++14";
				CLANG_CXX_LIBRARY = "libc++";
				CLANG_ENABLE_MODULES = YES;
				CLANG_ENABLE_OBJC_ARC = YES;
				CLANG_ENABLE_OBJC_WEAK = YES;
				CLANG_WARN_BLOCK_CAPTURE_AUTORELEASING = YES;
				CLANG_WARN_BOOL_CONVERSION = YES;
				CLANG_WARN_COMMA = YES;
				CLANG_WARN_CONSTANT_CONVERSION = YES;
				CLANG_WARN_DEPRECATED_OBJC_IMPLEMENTATIONS = YES;
				CLANG_WARN_DIRECT_OBJC_ISA_USAGE = YES_ERROR;
				CLANG_WARN_DOCUMENTATION_COMMENTS = YES;
				CLANG_WARN_EMPTY_BODY = YES;
				CLANG_WARN_ENUM_CONVERSION = YES;
				CLANG_WARN_INFINITE_RECURSION = YES;
				CLANG_WARN_INT_CONVERSION = YES;
				CLANG_WARN_NON_LITERAL_NULL_CONVERSION = YES;
				CLANG_WARN_OBJC_IMPLICIT_RETAIN_SELF = YES;
				CLANG_WARN_OBJC_LITERAL_CONVERSION = YES;
				CLANG_WARN_OBJC_ROOT_CLASS = YES_ERROR;
				CLANG_WARN_RANGE_LOOP_ANALYSIS = YES;
				CLANG_WARN_STRICT_PROTOTYPES = YES;
				CLANG_WARN_SUSPICIOUS_MOVE = YES;
				CLANG_WARN_UNGUARDED_AVAILABILITY = YES_AGGRESSIVE;
				CLANG_WARN_UNREACHABLE_CODE = YES;
				CLANG_WARN__DUPLICATE_METHOD_MATCH = YES;
				COPY_PHASE_STRIP = NO;
				DEBUG_INFORMATION_FORMAT = dwarf;
				ENABLE_STRICT_OBJC_MSGSEND = YES;
				ENABLE_TESTABILITY = YES;
				GCC_C_LANGUAGE_STANDARD = gnu11;
				GCC_DYNAMIC_NO_PIC = NO;
				GCC_NO_COMMON_BLOCKS = YES;
				GCC_OPTIMIZATION_LEVEL = 0;
				GCC_PREPROCESSOR_DEFINITIONS = (
					"DEBUG=1",
					"$(inherited)",
				);
				GCC_WARN_64_TO_32_BIT_CONVERSION = YES;
				GCC_WARN_ABOUT_RETURN_TYPE = YES_ERROR;
				GCC_WARN_UNDECLARED_SELECTOR = YES;
				GCC_WARN_UNINITIALIZED_AUTOS = YES_AGGRESSIVE;
				GCC_WARN_UNUSED_FUNCTION = YES;
				GCC_WARN_UNUSED_VARIABLE = YES;
				IPHONEOS_DEPLOYMENT_TARGET = 13.5;
				MTL_ENABLE_DEBUG_INFO = INCLUDE_SOURCE;
				MTL_FAST_MATH = YES;
				ONLY_ACTIVE_ARCH = YES;
				SDKROOT = iphoneos;
				SWIFT_ACTIVE_COMPILATION_CONDITIONS = DEBUG;
				SWIFT_OPTIMIZATION_LEVEL = "-Onone";
			};
			name = Debug;
		};
		E182F79124AD1ED8001E8A9F /* Release */ = {
			isa = XCBuildConfiguration;
			buildSettings = {
				ALWAYS_SEARCH_USER_PATHS = NO;
				CLANG_ANALYZER_NONNULL = YES;
				CLANG_ANALYZER_NUMBER_OBJECT_CONVERSION = YES_AGGRESSIVE;
				CLANG_CXX_LANGUAGE_STANDARD = "gnu++14";
				CLANG_CXX_LIBRARY = "libc++";
				CLANG_ENABLE_MODULES = YES;
				CLANG_ENABLE_OBJC_ARC = YES;
				CLANG_ENABLE_OBJC_WEAK = YES;
				CLANG_WARN_BLOCK_CAPTURE_AUTORELEASING = YES;
				CLANG_WARN_BOOL_CONVERSION = YES;
				CLANG_WARN_COMMA = YES;
				CLANG_WARN_CONSTANT_CONVERSION = YES;
				CLANG_WARN_DEPRECATED_OBJC_IMPLEMENTATIONS = YES;
				CLANG_WARN_DIRECT_OBJC_ISA_USAGE = YES_ERROR;
				CLANG_WARN_DOCUMENTATION_COMMENTS = YES;
				CLANG_WARN_EMPTY_BODY = YES;
				CLANG_WARN_ENUM_CONVERSION = YES;
				CLANG_WARN_INFINITE_RECURSION = YES;
				CLANG_WARN_INT_CONVERSION = YES;
				CLANG_WARN_NON_LITERAL_NULL_CONVERSION = YES;
				CLANG_WARN_OBJC_IMPLICIT_RETAIN_SELF = YES;
				CLANG_WARN_OBJC_LITERAL_CONVERSION = YES;
				CLANG_WARN_OBJC_ROOT_CLASS = YES_ERROR;
				CLANG_WARN_RANGE_LOOP_ANALYSIS = YES;
				CLANG_WARN_STRICT_PROTOTYPES = YES;
				CLANG_WARN_SUSPICIOUS_MOVE = YES;
				CLANG_WARN_UNGUARDED_AVAILABILITY = YES_AGGRESSIVE;
				CLANG_WARN_UNREACHABLE_CODE = YES;
				CLANG_WARN__DUPLICATE_METHOD_MATCH = YES;
				COPY_PHASE_STRIP = NO;
				DEBUG_INFORMATION_FORMAT = "dwarf-with-dsym";
				ENABLE_NS_ASSERTIONS = NO;
				ENABLE_STRICT_OBJC_MSGSEND = YES;
				GCC_C_LANGUAGE_STANDARD = gnu11;
				GCC_NO_COMMON_BLOCKS = YES;
				GCC_WARN_64_TO_32_BIT_CONVERSION = YES;
				GCC_WARN_ABOUT_RETURN_TYPE = YES_ERROR;
				GCC_WARN_UNDECLARED_SELECTOR = YES;
				GCC_WARN_UNINITIALIZED_AUTOS = YES_AGGRESSIVE;
				GCC_WARN_UNUSED_FUNCTION = YES;
				GCC_WARN_UNUSED_VARIABLE = YES;
				IPHONEOS_DEPLOYMENT_TARGET = 13.5;
				MTL_ENABLE_DEBUG_INFO = NO;
				MTL_FAST_MATH = YES;
				SDKROOT = iphoneos;
				SWIFT_COMPILATION_MODE = wholemodule;
				SWIFT_OPTIMIZATION_LEVEL = "-O";
				VALIDATE_PRODUCT = YES;
			};
			name = Release;
		};
		E182F79324AD1ED8001E8A9F /* Debug */ = {
			isa = XCBuildConfiguration;
			baseConfigurationReference = A2C81BBC286D5DEE972123BA /* Pods-SuperCoolProject.debug.xcconfig */;
			buildSettings = {
				ALWAYS_EMBED_SWIFT_STANDARD_LIBRARIES = YES;
				ASSETCATALOG_COMPILER_APPICON_NAME = AppIcon;
				CODE_SIGN_STYLE = Automatic;
				INFOPLIST_FILE = SuperCoolProject/Classes/Application/Resources/Info.plist;
				IPHONEOS_DEPLOYMENT_TARGET = 13.0;
				LD_RUNPATH_SEARCH_PATHS = (
					"$(inherited)",
					"@executable_path/Frameworks",
				);
				PRODUCT_BUNDLE_IDENTIFIER = foobar.SuperCoolProject;
				PRODUCT_NAME = "$(TARGET_NAME)";
				SWIFT_VERSION = 5.0;
				TARGETED_DEVICE_FAMILY = "1,2";
			};
			name = Debug;
		};
		E182F79424AD1ED8001E8A9F /* Release */ = {
			isa = XCBuildConfiguration;
			baseConfigurationReference = F1A88608A5BE985DF5A51BCD /* Pods-SuperCoolProject.release.xcconfig */;
			buildSettings = {
				ALWAYS_EMBED_SWIFT_STANDARD_LIBRARIES = YES;
				ASSETCATALOG_COMPILER_APPICON_NAME = AppIcon;
				CODE_SIGN_STYLE = Automatic;
				INFOPLIST_FILE = SuperCoolProject/Classes/Application/Resources/Info.plist;
				IPHONEOS_DEPLOYMENT_TARGET = 13.0;
				LD_RUNPATH_SEARCH_PATHS = (
					"$(inherited)",
					"@executable_path/Frameworks",
				);
				PRODUCT_BUNDLE_IDENTIFIER = foobar.SuperCoolProject;
				PRODUCT_NAME = "$(TARGET_NAME)";
				SWIFT_VERSION = 5.0;
				TARGETED_DEVICE_FAMILY = "1,2";
			};
			name = Release;
		};
		E182F79624AD1ED8001E8A9F /* Debug */ = {
			isa = XCBuildConfiguration;
			baseConfigurationReference = 2450E46BF17D35C80317F540 /* Pods-SuperCoolProjectTests.debug.xcconfig */;
			buildSettings = {
				ALWAYS_EMBED_SWIFT_STANDARD_LIBRARIES = YES;
				BUNDLE_LOADER = "$(TEST_HOST)";
				CODE_SIGN_STYLE = Automatic;
				INFOPLIST_FILE = SuperCoolProjectTests/Info.plist;
				IPHONEOS_DEPLOYMENT_TARGET = 13.5;
				LD_RUNPATH_SEARCH_PATHS = (
					"$(inherited)",
					"@executable_path/Frameworks",
					"@loader_path/Frameworks",
				);
				PRODUCT_BUNDLE_IDENTIFIER = foobar.SuperCoolProjectTests;
				PRODUCT_NAME = "$(TARGET_NAME)";
				SWIFT_VERSION = 5.0;
				TARGETED_DEVICE_FAMILY = "1,2";
				TEST_HOST = "$(BUILT_PRODUCTS_DIR)/SuperCoolProject.app/SuperCoolProject";
			};
			name = Debug;
		};
		E182F79724AD1ED8001E8A9F /* Release */ = {
			isa = XCBuildConfiguration;
			baseConfigurationReference = 9AF63CF254A341DCC6E7296D /* Pods-SuperCoolProjectTests.release.xcconfig */;
			buildSettings = {
				ALWAYS_EMBED_SWIFT_STANDARD_LIBRARIES = YES;
				BUNDLE_LOADER = "$(TEST_HOST)";
				CODE_SIGN_STYLE = Automatic;
				INFOPLIST_FILE = SuperCoolProjectTests/Info.plist;
				IPHONEOS_DEPLOYMENT_TARGET = 13.5;
				LD_RUNPATH_SEARCH_PATHS = (
					"$(inherited)",
					"@executable_path/Frameworks",
					"@loader_path/Frameworks",
				);
				PRODUCT_BUNDLE_IDENTIFIER = foobar.SuperCoolProjectTests;
				PRODUCT_NAME = "$(TARGET_NAME)";
				SWIFT_VERSION = 5.0;
				TARGETED_DEVICE_FAMILY = "1,2";
				TEST_HOST = "$(BUILT_PRODUCTS_DIR)/SuperCoolProject.app/SuperCoolProject";
			};
			name = Release;
		};
		E182F79924AD1ED8001E8A9F /* Debug */ = {
			isa = XCBuildConfiguration;
			baseConfigurationReference = 6FC959685DDF216CB66FC702 /* Pods-SuperCoolProject-SuperCoolProjectUITests.debug.xcconfig */;
			buildSettings = {
				ALWAYS_EMBED_SWIFT_STANDARD_LIBRARIES = YES;
				CODE_SIGN_STYLE = Automatic;
				INFOPLIST_FILE = SuperCoolProjectUITests/Info.plist;
				LD_RUNPATH_SEARCH_PATHS = (
					"$(inherited)",
					"@executable_path/Frameworks",
					"@loader_path/Frameworks",
				);
				PRODUCT_BUNDLE_IDENTIFIER = foobar.SuperCoolProjectUITests;
				PRODUCT_NAME = "$(TARGET_NAME)";
				SWIFT_VERSION = 5.0;
				TARGETED_DEVICE_FAMILY = "1,2";
				TEST_TARGET_NAME = SuperCoolProject;
			};
			name = Debug;
		};
		E182F79A24AD1ED8001E8A9F /* Release */ = {
			isa = XCBuildConfiguration;
			baseConfigurationReference = 831001B5A8F24A3540381FF1 /* Pods-SuperCoolProject-SuperCoolProjectUITests.release.xcconfig */;
			buildSettings = {
				ALWAYS_EMBED_SWIFT_STANDARD_LIBRARIES = YES;
				CODE_SIGN_STYLE = Automatic;
				INFOPLIST_FILE = SuperCoolProjectUITests/Info.plist;
				LD_RUNPATH_SEARCH_PATHS = (
					"$(inherited)",
					"@executable_path/Frameworks",
					"@loader_path/Frameworks",
				);
				PRODUCT_BUNDLE_IDENTIFIER = foobar.SuperCoolProjectUITests;
				PRODUCT_NAME = "$(TARGET_NAME)";
				SWIFT_VERSION = 5.0;
				TARGETED_DEVICE_FAMILY = "1,2";
				TEST_TARGET_NAME = SuperCoolProject;
			};
			name = Release;
		};
		E182F7BD24ADC9A1001E8A9F /* Debug */ = {
			isa = XCBuildConfiguration;
			baseConfigurationReference = 322A365306DDE1832D36A9F4 /* Pods-CalendarService.debug.xcconfig */;
			buildSettings = {
				CLANG_ENABLE_MODULES = YES;
				CODE_SIGN_STYLE = Automatic;
				CURRENT_PROJECT_VERSION = 1;
				DEFINES_MODULE = YES;
				DYLIB_COMPATIBILITY_VERSION = 1;
				DYLIB_CURRENT_VERSION = 1;
				DYLIB_INSTALL_NAME_BASE = "@rpath";
				INFOPLIST_FILE = SuperCoolProject/Services/CalendarService/Info.plist;
				INSTALL_PATH = "$(LOCAL_LIBRARY_DIR)/Frameworks";
				IPHONEOS_DEPLOYMENT_TARGET = 13.0;
				LD_RUNPATH_SEARCH_PATHS = (
					"$(inherited)",
					"@executable_path/Frameworks",
					"@loader_path/Frameworks",
				);
				PRODUCT_BUNDLE_IDENTIFIER = foobar.CalendarService;
				PRODUCT_NAME = "$(TARGET_NAME:c99extidentifier)";
				SKIP_INSTALL = YES;
				SWIFT_OPTIMIZATION_LEVEL = "-Onone";
				SWIFT_VERSION = 5.0;
				TARGETED_DEVICE_FAMILY = "1,2";
				VERSIONING_SYSTEM = "apple-generic";
				VERSION_INFO_PREFIX = "";
			};
			name = Debug;
		};
		E182F7BE24ADC9A1001E8A9F /* Release */ = {
			isa = XCBuildConfiguration;
			baseConfigurationReference = 207AB65FE24074B363D45A13 /* Pods-CalendarService.release.xcconfig */;
			buildSettings = {
				CLANG_ENABLE_MODULES = YES;
				CODE_SIGN_STYLE = Automatic;
				CURRENT_PROJECT_VERSION = 1;
				DEFINES_MODULE = YES;
				DYLIB_COMPATIBILITY_VERSION = 1;
				DYLIB_CURRENT_VERSION = 1;
				DYLIB_INSTALL_NAME_BASE = "@rpath";
				INFOPLIST_FILE = SuperCoolProject/Services/CalendarService/Info.plist;
				INSTALL_PATH = "$(LOCAL_LIBRARY_DIR)/Frameworks";
				IPHONEOS_DEPLOYMENT_TARGET = 13.0;
				LD_RUNPATH_SEARCH_PATHS = (
					"$(inherited)",
					"@executable_path/Frameworks",
					"@loader_path/Frameworks",
				);
				PRODUCT_BUNDLE_IDENTIFIER = foobar.CalendarService;
				PRODUCT_NAME = "$(TARGET_NAME:c99extidentifier)";
				SKIP_INSTALL = YES;
				SWIFT_VERSION = 5.0;
				TARGETED_DEVICE_FAMILY = "1,2";
				VERSIONING_SYSTEM = "apple-generic";
				VERSION_INFO_PREFIX = "";
			};
			name = Release;
		};
		E182F7BF24ADC9A1001E8A9F /* Debug */ = {
			isa = XCBuildConfiguration;
			baseConfigurationReference = 24D3C6439439A9083BC83AC8 /* Pods-CalendarService-CalendarServiceTests.debug.xcconfig */;
			buildSettings = {
				ALWAYS_EMBED_SWIFT_STANDARD_LIBRARIES = YES;
				CODE_SIGN_STYLE = Automatic;
				INFOPLIST_FILE = SuperCoolProject/Services/CalendarService/Impl/Tests/Info.plist;
				LD_RUNPATH_SEARCH_PATHS = (
					"$(inherited)",
					"@executable_path/Frameworks",
					"@loader_path/Frameworks",
				);
				PRODUCT_BUNDLE_IDENTIFIER = foobar.CalendarServiceTests;
				PRODUCT_NAME = "$(TARGET_NAME)";
				SWIFT_VERSION = 5.0;
				TARGETED_DEVICE_FAMILY = "1,2";
			};
			name = Debug;
		};
		E182F7C024ADC9A1001E8A9F /* Release */ = {
			isa = XCBuildConfiguration;
			baseConfigurationReference = C37167E4867232CD1494BF19 /* Pods-CalendarService-CalendarServiceTests.release.xcconfig */;
			buildSettings = {
				ALWAYS_EMBED_SWIFT_STANDARD_LIBRARIES = YES;
				CODE_SIGN_STYLE = Automatic;
				INFOPLIST_FILE = SuperCoolProject/Services/CalendarService/Impl/Tests/Info.plist;
				LD_RUNPATH_SEARCH_PATHS = (
					"$(inherited)",
					"@executable_path/Frameworks",
					"@loader_path/Frameworks",
				);
				PRODUCT_BUNDLE_IDENTIFIER = foobar.CalendarServiceTests;
				PRODUCT_NAME = "$(TARGET_NAME)";
				SWIFT_VERSION = 5.0;
				TARGETED_DEVICE_FAMILY = "1,2";
			};
			name = Release;
		};
		E182F80024ADCF51001E8A9F /* Debug */ = {
			isa = XCBuildConfiguration;
			baseConfigurationReference = B33715443A76827F34FE4172 /* Pods-WeatherService.debug.xcconfig */;
			buildSettings = {
				CLANG_ENABLE_MODULES = YES;
				CODE_SIGN_STYLE = Automatic;
				CURRENT_PROJECT_VERSION = 1;
				DEFINES_MODULE = YES;
				DYLIB_COMPATIBILITY_VERSION = 1;
				DYLIB_CURRENT_VERSION = 1;
				DYLIB_INSTALL_NAME_BASE = "@rpath";
				INFOPLIST_FILE = SuperCoolProject/Services/WeatherService/Info.plist;
				INSTALL_PATH = "$(LOCAL_LIBRARY_DIR)/Frameworks";
				IPHONEOS_DEPLOYMENT_TARGET = 13.0;
				LD_RUNPATH_SEARCH_PATHS = (
					"$(inherited)",
					"@executable_path/Frameworks",
					"@loader_path/Frameworks",
				);
				PRODUCT_BUNDLE_IDENTIFIER = foobar.WeatherService;
				PRODUCT_NAME = "$(TARGET_NAME:c99extidentifier)";
				SKIP_INSTALL = YES;
				SWIFT_OPTIMIZATION_LEVEL = "-Onone";
				SWIFT_VERSION = 5.0;
				TARGETED_DEVICE_FAMILY = "1,2";
				VERSIONING_SYSTEM = "apple-generic";
				VERSION_INFO_PREFIX = "";
			};
			name = Debug;
		};
		E182F80124ADCF51001E8A9F /* Release */ = {
			isa = XCBuildConfiguration;
			baseConfigurationReference = 7AAE2E731111736F825A9D88 /* Pods-WeatherService.release.xcconfig */;
			buildSettings = {
				CLANG_ENABLE_MODULES = YES;
				CODE_SIGN_STYLE = Automatic;
				CURRENT_PROJECT_VERSION = 1;
				DEFINES_MODULE = YES;
				DYLIB_COMPATIBILITY_VERSION = 1;
				DYLIB_CURRENT_VERSION = 1;
				DYLIB_INSTALL_NAME_BASE = "@rpath";
				INFOPLIST_FILE = SuperCoolProject/Services/WeatherService/Info.plist;
				INSTALL_PATH = "$(LOCAL_LIBRARY_DIR)/Frameworks";
				IPHONEOS_DEPLOYMENT_TARGET = 13.0;
				LD_RUNPATH_SEARCH_PATHS = (
					"$(inherited)",
					"@executable_path/Frameworks",
					"@loader_path/Frameworks",
				);
				PRODUCT_BUNDLE_IDENTIFIER = foobar.WeatherService;
				PRODUCT_NAME = "$(TARGET_NAME:c99extidentifier)";
				SKIP_INSTALL = YES;
				SWIFT_VERSION = 5.0;
				TARGETED_DEVICE_FAMILY = "1,2";
				VERSIONING_SYSTEM = "apple-generic";
				VERSION_INFO_PREFIX = "";
			};
			name = Release;
		};
		E182F80224ADCF51001E8A9F /* Debug */ = {
			isa = XCBuildConfiguration;
			baseConfigurationReference = C8B6EF5D7E4CD311B0D38FA1 /* Pods-WeatherService-WeatherServiceTests.debug.xcconfig */;
			buildSettings = {
				ALWAYS_EMBED_SWIFT_STANDARD_LIBRARIES = YES;
				CODE_SIGN_STYLE = Automatic;
				INFOPLIST_FILE = SuperCoolProject/Services/WeatherService/Impl/Tests/Info.plist;
				LD_RUNPATH_SEARCH_PATHS = (
					"$(inherited)",
					"@executable_path/Frameworks",
					"@loader_path/Frameworks",
				);
				PRODUCT_BUNDLE_IDENTIFIER = foobar.WeatherServiceTests;
				PRODUCT_NAME = "$(TARGET_NAME)";
				SWIFT_VERSION = 5.0;
				TARGETED_DEVICE_FAMILY = "1,2";
			};
			name = Debug;
		};
		E182F80324ADCF51001E8A9F /* Release */ = {
			isa = XCBuildConfiguration;
			baseConfigurationReference = C64C2D8E90D7CC9F6D43878A /* Pods-WeatherService-WeatherServiceTests.release.xcconfig */;
			buildSettings = {
				ALWAYS_EMBED_SWIFT_STANDARD_LIBRARIES = YES;
				CODE_SIGN_STYLE = Automatic;
				INFOPLIST_FILE = SuperCoolProject/Services/WeatherService/Impl/Tests/Info.plist;
				LD_RUNPATH_SEARCH_PATHS = (
					"$(inherited)",
					"@executable_path/Frameworks",
					"@loader_path/Frameworks",
				);
				PRODUCT_BUNDLE_IDENTIFIER = foobar.WeatherServiceTests;
				PRODUCT_NAME = "$(TARGET_NAME)";
				SWIFT_VERSION = 5.0;
				TARGETED_DEVICE_FAMILY = "1,2";
			};
			name = Release;
		};
		E182F82624ADD055001E8A9F /* Debug */ = {
			isa = XCBuildConfiguration;
			baseConfigurationReference = AD7A5920DC8A18C5E316C49A /* Pods-AgendaService.debug.xcconfig */;
			buildSettings = {
				CODE_SIGN_STYLE = Automatic;
				CURRENT_PROJECT_VERSION = 1;
				DEFINES_MODULE = YES;
				DYLIB_COMPATIBILITY_VERSION = 1;
				DYLIB_CURRENT_VERSION = 1;
				DYLIB_INSTALL_NAME_BASE = "@rpath";
				INFOPLIST_FILE = SuperCoolProject/Services/AgendaService/Info.plist;
				INSTALL_PATH = "$(LOCAL_LIBRARY_DIR)/Frameworks";
				IPHONEOS_DEPLOYMENT_TARGET = 13.0;
				LD_RUNPATH_SEARCH_PATHS = (
					"$(inherited)",
					"@executable_path/Frameworks",
					"@loader_path/Frameworks",
				);
				PRODUCT_BUNDLE_IDENTIFIER = foobar.AgendaService;
				PRODUCT_NAME = "$(TARGET_NAME:c99extidentifier)";
				SKIP_INSTALL = YES;
				SWIFT_VERSION = 5.0;
				TARGETED_DEVICE_FAMILY = "1,2";
				VERSIONING_SYSTEM = "apple-generic";
				VERSION_INFO_PREFIX = "";
			};
			name = Debug;
		};
		E182F82724ADD055001E8A9F /* Release */ = {
			isa = XCBuildConfiguration;
			baseConfigurationReference = 84CC53A4E67284D53A041B7A /* Pods-AgendaService.release.xcconfig */;
			buildSettings = {
				CODE_SIGN_STYLE = Automatic;
				CURRENT_PROJECT_VERSION = 1;
				DEFINES_MODULE = YES;
				DYLIB_COMPATIBILITY_VERSION = 1;
				DYLIB_CURRENT_VERSION = 1;
				DYLIB_INSTALL_NAME_BASE = "@rpath";
				INFOPLIST_FILE = SuperCoolProject/Services/AgendaService/Info.plist;
				INSTALL_PATH = "$(LOCAL_LIBRARY_DIR)/Frameworks";
				IPHONEOS_DEPLOYMENT_TARGET = 13.0;
				LD_RUNPATH_SEARCH_PATHS = (
					"$(inherited)",
					"@executable_path/Frameworks",
					"@loader_path/Frameworks",
				);
				PRODUCT_BUNDLE_IDENTIFIER = foobar.AgendaService;
				PRODUCT_NAME = "$(TARGET_NAME:c99extidentifier)";
				SKIP_INSTALL = YES;
				SWIFT_VERSION = 5.0;
				TARGETED_DEVICE_FAMILY = "1,2";
				VERSIONING_SYSTEM = "apple-generic";
				VERSION_INFO_PREFIX = "";
			};
			name = Release;
		};
		E182F82924ADD055001E8A9F /* Debug */ = {
			isa = XCBuildConfiguration;
			baseConfigurationReference = 89F080F77B94FEAE75C3D85E /* Pods-AgendaService-AgendaServiceTests.debug.xcconfig */;
			buildSettings = {
				ALWAYS_EMBED_SWIFT_STANDARD_LIBRARIES = YES;
				CODE_SIGN_STYLE = Automatic;
				INFOPLIST_FILE = SuperCoolProject/Services/AgendaService/Impl/Tests/Info.plist;
				LD_RUNPATH_SEARCH_PATHS = (
					"$(inherited)",
					"@executable_path/Frameworks",
					"@loader_path/Frameworks",
				);
				PRODUCT_BUNDLE_IDENTIFIER = foobar.AgendaServiceTests;
				PRODUCT_NAME = "$(TARGET_NAME)";
				SWIFT_VERSION = 5.0;
				TARGETED_DEVICE_FAMILY = "1,2";
			};
			name = Debug;
		};
		E182F82A24ADD055001E8A9F /* Release */ = {
			isa = XCBuildConfiguration;
			baseConfigurationReference = EC7D95246FE64E56E609BFC9 /* Pods-AgendaService-AgendaServiceTests.release.xcconfig */;
			buildSettings = {
				ALWAYS_EMBED_SWIFT_STANDARD_LIBRARIES = YES;
				CODE_SIGN_STYLE = Automatic;
				INFOPLIST_FILE = SuperCoolProject/Services/AgendaService/Impl/Tests/Info.plist;
				LD_RUNPATH_SEARCH_PATHS = (
					"$(inherited)",
					"@executable_path/Frameworks",
					"@loader_path/Frameworks",
				);
				PRODUCT_BUNDLE_IDENTIFIER = foobar.AgendaServiceTests;
				PRODUCT_NAME = "$(TARGET_NAME)";
				SWIFT_VERSION = 5.0;
				TARGETED_DEVICE_FAMILY = "1,2";
			};
			name = Release;
		};
/* End XCBuildConfiguration section */

/* Begin XCConfigurationList section */
		E182F76324AD1ED7001E8A9F /* Build configuration list for PBXProject "SuperCoolProject" */ = {
			isa = XCConfigurationList;
			buildConfigurations = (
				E182F79024AD1ED8001E8A9F /* Debug */,
				E182F79124AD1ED8001E8A9F /* Release */,
			);
			defaultConfigurationIsVisible = 0;
			defaultConfigurationName = Release;
		};
		E182F79224AD1ED8001E8A9F /* Build configuration list for PBXNativeTarget "SuperCoolProject" */ = {
			isa = XCConfigurationList;
			buildConfigurations = (
				E182F79324AD1ED8001E8A9F /* Debug */,
				E182F79424AD1ED8001E8A9F /* Release */,
			);
			defaultConfigurationIsVisible = 0;
			defaultConfigurationName = Release;
		};
		E182F79524AD1ED8001E8A9F /* Build configuration list for PBXNativeTarget "SuperCoolProjectTests" */ = {
			isa = XCConfigurationList;
			buildConfigurations = (
				E182F79624AD1ED8001E8A9F /* Debug */,
				E182F79724AD1ED8001E8A9F /* Release */,
			);
			defaultConfigurationIsVisible = 0;
			defaultConfigurationName = Release;
		};
		E182F79824AD1ED8001E8A9F /* Build configuration list for PBXNativeTarget "SuperCoolProjectUITests" */ = {
			isa = XCConfigurationList;
			buildConfigurations = (
				E182F79924AD1ED8001E8A9F /* Debug */,
				E182F79A24AD1ED8001E8A9F /* Release */,
			);
			defaultConfigurationIsVisible = 0;
			defaultConfigurationName = Release;
		};
		E182F7C124ADC9A1001E8A9F /* Build configuration list for PBXNativeTarget "CalendarService" */ = {
			isa = XCConfigurationList;
			buildConfigurations = (
				E182F7BD24ADC9A1001E8A9F /* Debug */,
				E182F7BE24ADC9A1001E8A9F /* Release */,
			);
			defaultConfigurationIsVisible = 0;
			defaultConfigurationName = Release;
		};
		E182F7C224ADC9A1001E8A9F /* Build configuration list for PBXNativeTarget "CalendarServiceTests" */ = {
			isa = XCConfigurationList;
			buildConfigurations = (
				E182F7BF24ADC9A1001E8A9F /* Debug */,
				E182F7C024ADC9A1001E8A9F /* Release */,
			);
			defaultConfigurationIsVisible = 0;
			defaultConfigurationName = Release;
		};
		E182F80424ADCF51001E8A9F /* Build configuration list for PBXNativeTarget "WeatherService" */ = {
			isa = XCConfigurationList;
			buildConfigurations = (
				E182F80024ADCF51001E8A9F /* Debug */,
				E182F80124ADCF51001E8A9F /* Release */,
			);
			defaultConfigurationIsVisible = 0;
			defaultConfigurationName = Release;
		};
		E182F80524ADCF51001E8A9F /* Build configuration list for PBXNativeTarget "WeatherServiceTests" */ = {
			isa = XCConfigurationList;
			buildConfigurations = (
				E182F80224ADCF51001E8A9F /* Debug */,
				E182F80324ADCF51001E8A9F /* Release */,
			);
			defaultConfigurationIsVisible = 0;
			defaultConfigurationName = Release;
		};
		E182F82524ADD055001E8A9F /* Build configuration list for PBXNativeTarget "AgendaService" */ = {
			isa = XCConfigurationList;
			buildConfigurations = (
				E182F82624ADD055001E8A9F /* Debug */,
				E182F82724ADD055001E8A9F /* Release */,
			);
			defaultConfigurationIsVisible = 0;
			defaultConfigurationName = Release;
		};
		E182F82824ADD055001E8A9F /* Build configuration list for PBXNativeTarget "AgendaServiceTests" */ = {
			isa = XCConfigurationList;
			buildConfigurations = (
				E182F82924ADD055001E8A9F /* Debug */,
				E182F82A24ADD055001E8A9F /* Release */,
			);
			defaultConfigurationIsVisible = 0;
			defaultConfigurationName = Release;
		};
/* End XCConfigurationList section */
	};
	rootObject = E182F76024AD1ED7001E8A9F /* Project object */;
}
